// !$*UTF8*$!
{
	archiveVersion = 1;
	classes = {
	};
	objectVersion = 56;
	objects = {

/* Begin PBXBuildFile section */
		BC19D0732A28A9AD0073199B /* LaunchDetailViewController.swift in Sources */ = {isa = PBXBuildFile; fileRef = BC19D0722A28A9AD0073199B /* LaunchDetailViewController.swift */; };
		BC19D0792A28BCBE0073199B /* View+Extension.swift in Sources */ = {isa = PBXBuildFile; fileRef = BC19D0782A28BCBE0073199B /* View+Extension.swift */; };
		BC19D0852A28DCD70073199B /* Store in Frameworks */ = {isa = PBXBuildFile; productRef = BC19D0842A28DCD70073199B /* Store */; };
		BC19D0882A28E47F0073199B /* DependencyInjection in Frameworks */ = {isa = PBXBuildFile; productRef = BC19D0872A28E47F0073199B /* DependencyInjection */; };
		BC19D0912A28E6310073199B /* LiveLaunchesFlow.swift in Sources */ = {isa = PBXBuildFile; fileRef = BC6896FC2A27D75C00C16E52 /* LiveLaunchesFlow.swift */; };
		BC19D0922A28E6310073199B /* ErrorAlert.swift in Sources */ = {isa = PBXBuildFile; fileRef = BC6897152A27EF9000C16E52 /* ErrorAlert.swift */; };
		BC19D0942A28E6310073199B /* Collection+Safe.swift in Sources */ = {isa = PBXBuildFile; fileRef = BC68970D2A27DF7500C16E52 /* Collection+Safe.swift */; };
		BC19D0962A28E6310073199B /* LaunchDetailViewController.swift in Sources */ = {isa = PBXBuildFile; fileRef = BC19D0722A28A9AD0073199B /* LaunchDetailViewController.swift */; };
		BC19D0972A28E6310073199B /* LaunchCell.swift in Sources */ = {isa = PBXBuildFile; fileRef = BC68970A2A27DD9C00C16E52 /* LaunchCell.swift */; };
		BC19D0982A28E6310073199B /* LiveRootFlow.swift in Sources */ = {isa = PBXBuildFile; fileRef = BC6896FF2A27D77900C16E52 /* LiveRootFlow.swift */; };
		BC19D09A2A28E6310073199B /* Configuration.swift in Sources */ = {isa = PBXBuildFile; fileRef = BC6896EC2A27CBB000C16E52 /* Configuration.swift */; };
		BC19D09B2A28E6310073199B /* AppDelegate.swift in Sources */ = {isa = PBXBuildFile; fileRef = BC6896B32A27427600C16E52 /* AppDelegate.swift */; };
		BC19D09C2A28E6310073199B /* LaunchDetailViewModel.swift in Sources */ = {isa = PBXBuildFile; fileRef = BC68971A2A28930500C16E52 /* LaunchDetailViewModel.swift */; };
		BC19D09D2A28E6310073199B /* LiveAppStateService.swift in Sources */ = {isa = PBXBuildFile; fileRef = BC6896F52A27CEBF00C16E52 /* LiveAppStateService.swift */; };
		BC19D0A02A28E6310073199B /* LiveConfiguration.swift in Sources */ = {isa = PBXBuildFile; fileRef = BC6896EF2A27CC2600C16E52 /* LiveConfiguration.swift */; };
		BC19D0A12A28E6310073199B /* LaunchDetailView.swift in Sources */ = {isa = PBXBuildFile; fileRef = BC6897182A2892F900C16E52 /* LaunchDetailView.swift */; };
		BC19D0A22A28E6310073199B /* LaunchesViewModel.swift in Sources */ = {isa = PBXBuildFile; fileRef = BC6897072A27DA9600C16E52 /* LaunchesViewModel.swift */; };
		BC19D0A32A28E6310073199B /* LaunchesViewController.swift in Sources */ = {isa = PBXBuildFile; fileRef = BC6897052A27DA7000C16E52 /* LaunchesViewController.swift */; };
		BC19D0A42A28E6310073199B /* SortActionSheet.swift in Sources */ = {isa = PBXBuildFile; fileRef = BC6897122A27EBBE00C16E52 /* SortActionSheet.swift */; };
		BC19D0A52A28E6310073199B /* LiveLaunchesService.swift in Sources */ = {isa = PBXBuildFile; fileRef = BC6896F32A27CEAD00C16E52 /* LiveLaunchesService.swift */; };
		BC19D0A62A28E6310073199B /* View+Extension.swift in Sources */ = {isa = PBXBuildFile; fileRef = BC19D0782A28BCBE0073199B /* View+Extension.swift */; };
		BC19D0A82A28E6310073199B /* Service.swift in Sources */ = {isa = PBXBuildFile; fileRef = BC6896EA2A27CA2600C16E52 /* Service.swift */; };
		BC19D0AB2A28E6310073199B /* Networking in Frameworks */ = {isa = PBXBuildFile; productRef = BC19D08C2A28E6310073199B /* Networking */; };
		BC19D0AC2A28E6310073199B /* Model in Frameworks */ = {isa = PBXBuildFile; productRef = BC19D08B2A28E6310073199B /* Model */; };
		BC19D0AD2A28E6310073199B /* Store in Frameworks */ = {isa = PBXBuildFile; productRef = BC19D08E2A28E6310073199B /* Store */; };
		BC19D0AE2A28E6310073199B /* DependencyInjection in Frameworks */ = {isa = PBXBuildFile; productRef = BC19D08F2A28E6310073199B /* DependencyInjection */; };
		BC19D0AF2A28E6310073199B /* Repository in Frameworks */ = {isa = PBXBuildFile; productRef = BC19D08D2A28E6310073199B /* Repository */; };
		BC19D0B12A28E6310073199B /* LaunchScreen.storyboard in Resources */ = {isa = PBXBuildFile; fileRef = BC6896BE2A27427700C16E52 /* LaunchScreen.storyboard */; };
		BC19D0B22A28E6310073199B /* Assets.xcassets in Resources */ = {isa = PBXBuildFile; fileRef = BC6896BC2A27427700C16E52 /* Assets.xcassets */; };
		BC26A8DF2A2E141C0092A7D3 /* FailService.swift in Sources */ = {isa = PBXBuildFile; fileRef = BC26A8DE2A2E141C0092A7D3 /* FailService.swift */; };
		BC26A8E02A2E141C0092A7D3 /* FailService.swift in Sources */ = {isa = PBXBuildFile; fileRef = BC26A8DE2A2E141C0092A7D3 /* FailService.swift */; };
		BC26A8E22A2E16BF0092A7D3 /* FailLaunchesService.swift in Sources */ = {isa = PBXBuildFile; fileRef = BC26A8E12A2E16BF0092A7D3 /* FailLaunchesService.swift */; };
		BC26A8E32A2E16BF0092A7D3 /* FailLaunchesService.swift in Sources */ = {isa = PBXBuildFile; fileRef = BC26A8E12A2E16BF0092A7D3 /* FailLaunchesService.swift */; };
		BC2AF3152A2C9C83007D97D2 /* LiveService.swift in Sources */ = {isa = PBXBuildFile; fileRef = BC2AF3142A2C9C83007D97D2 /* LiveService.swift */; };
		BC2AF3162A2C9C83007D97D2 /* LiveService.swift in Sources */ = {isa = PBXBuildFile; fileRef = BC2AF3142A2C9C83007D97D2 /* LiveService.swift */; };
		BC2AF3182A2C9C8B007D97D2 /* MockService.swift in Sources */ = {isa = PBXBuildFile; fileRef = BC2AF3172A2C9C8B007D97D2 /* MockService.swift */; };
		BC2AF3192A2C9C8B007D97D2 /* MockService.swift in Sources */ = {isa = PBXBuildFile; fileRef = BC2AF3172A2C9C8B007D97D2 /* MockService.swift */; };
		BC42DBED2A310A3B00634B00 /* Log in Frameworks */ = {isa = PBXBuildFile; productRef = BC42DBEC2A310A3B00634B00 /* Log */; };
		BC42DBEF2A310A4100634B00 /* Log in Frameworks */ = {isa = PBXBuildFile; productRef = BC42DBEE2A310A4100634B00 /* Log */; };
		BC42DBF12A31E19800634B00 /* InputStream+String.swift in Sources */ = {isa = PBXBuildFile; fileRef = BC42DBF02A31E19800634B00 /* InputStream+String.swift */; };
		BC42DBF22A31E19800634B00 /* InputStream+String.swift in Sources */ = {isa = PBXBuildFile; fileRef = BC42DBF02A31E19800634B00 /* InputStream+String.swift */; };
		BC42DBF92A322A8E00634B00 /* LiveNetworkingDelegate.swift in Sources */ = {isa = PBXBuildFile; fileRef = BC42DBF82A322A8E00634B00 /* LiveNetworkingDelegate.swift */; };
		BC42DBFA2A322A8E00634B00 /* LiveNetworkingDelegate.swift in Sources */ = {isa = PBXBuildFile; fileRef = BC42DBF82A322A8E00634B00 /* LiveNetworkingDelegate.swift */; };
		BC4328592A2E2CCC00F73C62 /* _LaunchesView.swift in Sources */ = {isa = PBXBuildFile; fileRef = BC4328582A2E2CCC00F73C62 /* _LaunchesView.swift */; };
		BC43285A2A2E2CCC00F73C62 /* _LaunchesView.swift in Sources */ = {isa = PBXBuildFile; fileRef = BC4328582A2E2CCC00F73C62 /* _LaunchesView.swift */; };
		BC43285C2A2E2CF400F73C62 /* _LaunchesViewModel.swift in Sources */ = {isa = PBXBuildFile; fileRef = BC43285B2A2E2CF400F73C62 /* _LaunchesViewModel.swift */; };
		BC43285D2A2E2CF400F73C62 /* _LaunchesViewModel.swift in Sources */ = {isa = PBXBuildFile; fileRef = BC43285B2A2E2CF400F73C62 /* _LaunchesViewModel.swift */; };
		BC43285F2A2E3E4800F73C62 /* Loadable+ViewState.swift in Sources */ = {isa = PBXBuildFile; fileRef = BC43285E2A2E3E4800F73C62 /* Loadable+ViewState.swift */; };
		BC4328602A2E3E4800F73C62 /* Loadable+ViewState.swift in Sources */ = {isa = PBXBuildFile; fileRef = BC43285E2A2E3E4800F73C62 /* Loadable+ViewState.swift */; };
		BC4328622A2E3E5500F73C62 /* Paginable+ViewState.swift in Sources */ = {isa = PBXBuildFile; fileRef = BC4328612A2E3E5500F73C62 /* Paginable+ViewState.swift */; };
		BC4328632A2E3E5500F73C62 /* Paginable+ViewState.swift in Sources */ = {isa = PBXBuildFile; fileRef = BC4328612A2E3E5500F73C62 /* Paginable+ViewState.swift */; };
		BC645ACC2A2F92B100918A92 /* MainFlowView.swift in Sources */ = {isa = PBXBuildFile; fileRef = BC645ACB2A2F92B100918A92 /* MainFlowView.swift */; };
		BC645ACD2A2F92B100918A92 /* MainFlowView.swift in Sources */ = {isa = PBXBuildFile; fileRef = BC645ACB2A2F92B100918A92 /* MainFlowView.swift */; };
		BC645ACF2A2F92C800918A92 /* MainFlowViewModel.swift in Sources */ = {isa = PBXBuildFile; fileRef = BC645ACE2A2F92C800918A92 /* MainFlowViewModel.swift */; };
		BC645AD02A2F92C800918A92 /* MainFlowViewModel.swift in Sources */ = {isa = PBXBuildFile; fileRef = BC645ACE2A2F92C800918A92 /* MainFlowViewModel.swift */; };
		BC645AD22A2FE28500918A92 /* SortView.swift in Sources */ = {isa = PBXBuildFile; fileRef = BC645AD12A2FE28500918A92 /* SortView.swift */; };
		BC645AD32A2FE28500918A92 /* SortView.swift in Sources */ = {isa = PBXBuildFile; fileRef = BC645AD12A2FE28500918A92 /* SortView.swift */; };
		BC645AD52A2FE28A00918A92 /* SortViewModel.swift in Sources */ = {isa = PBXBuildFile; fileRef = BC645AD42A2FE28A00918A92 /* SortViewModel.swift */; };
		BC645AD62A2FE28A00918A92 /* SortViewModel.swift in Sources */ = {isa = PBXBuildFile; fileRef = BC645AD42A2FE28A00918A92 /* SortViewModel.swift */; };
		BC645AD82A3071EA00918A92 /* Presentable.swift in Sources */ = {isa = PBXBuildFile; fileRef = BC645AD72A3071EA00918A92 /* Presentable.swift */; };
		BC645AD92A3071EA00918A92 /* Presentable.swift in Sources */ = {isa = PBXBuildFile; fileRef = BC645AD72A3071EA00918A92 /* Presentable.swift */; };
		BC645ADB2A308FDC00918A92 /* MainFlowTests.swift in Sources */ = {isa = PBXBuildFile; fileRef = BC645ADA2A308FDC00918A92 /* MainFlowTests.swift */; };
		BC645ADD2A30980C00918A92 /* Navigable.swift in Sources */ = {isa = PBXBuildFile; fileRef = BC645ADC2A30980C00918A92 /* Navigable.swift */; };
		BC645ADE2A30980C00918A92 /* Navigable.swift in Sources */ = {isa = PBXBuildFile; fileRef = BC645ADC2A30980C00918A92 /* Navigable.swift */; };
		BC645AE02A309B5000918A92 /* PresentableTests.swift in Sources */ = {isa = PBXBuildFile; fileRef = BC645ADF2A309B5000918A92 /* PresentableTests.swift */; };
		BC645AE82A30A64700918A92 /* MainApp.swift in Sources */ = {isa = PBXBuildFile; fileRef = BC645AE72A30A64700918A92 /* MainApp.swift */; };
		BC645AE92A30A64700918A92 /* MainApp.swift in Sources */ = {isa = PBXBuildFile; fileRef = BC645AE72A30A64700918A92 /* MainApp.swift */; };
		BC6896B42A27427600C16E52 /* AppDelegate.swift in Sources */ = {isa = PBXBuildFile; fileRef = BC6896B32A27427600C16E52 /* AppDelegate.swift */; };
		BC6896BD2A27427700C16E52 /* Assets.xcassets in Resources */ = {isa = PBXBuildFile; fileRef = BC6896BC2A27427700C16E52 /* Assets.xcassets */; };
		BC6896C02A27427700C16E52 /* LaunchScreen.storyboard in Resources */ = {isa = PBXBuildFile; fileRef = BC6896BE2A27427700C16E52 /* LaunchScreen.storyboard */; };
		BC6896E12A2757D000C16E52 /* Model in Frameworks */ = {isa = PBXBuildFile; productRef = BC6896E02A2757D000C16E52 /* Model */; };
		BC6896E42A278E6E00C16E52 /* Networking in Frameworks */ = {isa = PBXBuildFile; productRef = BC6896E32A278E6E00C16E52 /* Networking */; };
		BC6896E72A27982600C16E52 /* Repository in Frameworks */ = {isa = PBXBuildFile; productRef = BC6896E62A27982600C16E52 /* Repository */; };
		BC6896EB2A27CA2600C16E52 /* Service.swift in Sources */ = {isa = PBXBuildFile; fileRef = BC6896EA2A27CA2600C16E52 /* Service.swift */; };
		BC6896ED2A27CBB000C16E52 /* Configuration.swift in Sources */ = {isa = PBXBuildFile; fileRef = BC6896EC2A27CBB000C16E52 /* Configuration.swift */; };
		BC6896F22A27CC3E00C16E52 /* MockConfiguration.swift in Sources */ = {isa = PBXBuildFile; fileRef = BC6896F12A27CC3E00C16E52 /* MockConfiguration.swift */; };
		BC6896F42A27CEAD00C16E52 /* LiveLaunchesService.swift in Sources */ = {isa = PBXBuildFile; fileRef = BC6896F32A27CEAD00C16E52 /* LiveLaunchesService.swift */; };
		BC6896F62A27CEBF00C16E52 /* LiveAppStateService.swift in Sources */ = {isa = PBXBuildFile; fileRef = BC6896F52A27CEBF00C16E52 /* LiveAppStateService.swift */; };
		BC6896FD2A27D75C00C16E52 /* LiveLaunchesFlow.swift in Sources */ = {isa = PBXBuildFile; fileRef = BC6896FC2A27D75C00C16E52 /* LiveLaunchesFlow.swift */; };
		BC6897002A27D77900C16E52 /* LiveRootFlow.swift in Sources */ = {isa = PBXBuildFile; fileRef = BC6896FF2A27D77900C16E52 /* LiveRootFlow.swift */; };
		BC6897062A27DA7000C16E52 /* LaunchesViewController.swift in Sources */ = {isa = PBXBuildFile; fileRef = BC6897052A27DA7000C16E52 /* LaunchesViewController.swift */; };
		BC6897082A27DA9600C16E52 /* LaunchesViewModel.swift in Sources */ = {isa = PBXBuildFile; fileRef = BC6897072A27DA9600C16E52 /* LaunchesViewModel.swift */; };
		BC68970B2A27DD9C00C16E52 /* LaunchCell.swift in Sources */ = {isa = PBXBuildFile; fileRef = BC68970A2A27DD9C00C16E52 /* LaunchCell.swift */; };
		BC68970E2A27DF7500C16E52 /* Collection+Safe.swift in Sources */ = {isa = PBXBuildFile; fileRef = BC68970D2A27DF7500C16E52 /* Collection+Safe.swift */; };
		BC6897132A27EBBE00C16E52 /* SortActionSheet.swift in Sources */ = {isa = PBXBuildFile; fileRef = BC6897122A27EBBE00C16E52 /* SortActionSheet.swift */; };
		BC6897162A27EF9000C16E52 /* ErrorAlert.swift in Sources */ = {isa = PBXBuildFile; fileRef = BC6897152A27EF9000C16E52 /* ErrorAlert.swift */; };
		BC6897192A2892F900C16E52 /* LaunchDetailView.swift in Sources */ = {isa = PBXBuildFile; fileRef = BC6897182A2892F900C16E52 /* LaunchDetailView.swift */; };
		BC68971B2A28930500C16E52 /* LaunchDetailViewModel.swift in Sources */ = {isa = PBXBuildFile; fileRef = BC68971A2A28930500C16E52 /* LaunchDetailViewModel.swift */; };
		BC7CC9E82A29E1950015E9F5 /* ViewComponent in Frameworks */ = {isa = PBXBuildFile; productRef = BC7CC9E72A29E1950015E9F5 /* ViewComponent */; };
		BC7CC9EA2A29E19D0015E9F5 /* ViewComponent in Frameworks */ = {isa = PBXBuildFile; productRef = BC7CC9E92A29E19D0015E9F5 /* ViewComponent */; };
		BC845F5F2A3900EB003EC00C /* L.swift in Sources */ = {isa = PBXBuildFile; fileRef = BC845F5E2A3900EB003EC00C /* L.swift */; };
		BC845F602A3900EB003EC00C /* L.swift in Sources */ = {isa = PBXBuildFile; fileRef = BC845F5E2A3900EB003EC00C /* L.swift */; };
		BCB787652A290B2A00A4C747 /* ConfigurationTests.swift in Sources */ = {isa = PBXBuildFile; fileRef = BCB787642A290B2A00A4C747 /* ConfigurationTests.swift */; };
		BCB7876B2A290D0300A4C747 /* ServiceTests.swift in Sources */ = {isa = PBXBuildFile; fileRef = BCB7876A2A290D0300A4C747 /* ServiceTests.swift */; };
		BCB7876F2A290E8600A4C747 /* AppStateService.swift in Sources */ = {isa = PBXBuildFile; fileRef = BCB7876E2A290E8600A4C747 /* AppStateService.swift */; };
		BCB787702A290E8600A4C747 /* AppStateService.swift in Sources */ = {isa = PBXBuildFile; fileRef = BCB7876E2A290E8600A4C747 /* AppStateService.swift */; };
		BCB787722A290EFE00A4C747 /* MockAppStateService.swift in Sources */ = {isa = PBXBuildFile; fileRef = BCB787712A290EFE00A4C747 /* MockAppStateService.swift */; };
		BCB787732A290EFE00A4C747 /* MockAppStateService.swift in Sources */ = {isa = PBXBuildFile; fileRef = BCB787712A290EFE00A4C747 /* MockAppStateService.swift */; };
		BCB787752A290FDC00A4C747 /* LaunchesService.swift in Sources */ = {isa = PBXBuildFile; fileRef = BCB787742A290FDC00A4C747 /* LaunchesService.swift */; };
		BCB787762A290FDC00A4C747 /* LaunchesService.swift in Sources */ = {isa = PBXBuildFile; fileRef = BCB787742A290FDC00A4C747 /* LaunchesService.swift */; };
		BCB787782A290FE200A4C747 /* MockLaunchesService.swift in Sources */ = {isa = PBXBuildFile; fileRef = BCB787772A290FE200A4C747 /* MockLaunchesService.swift */; };
		BCB787792A290FE200A4C747 /* MockLaunchesService.swift in Sources */ = {isa = PBXBuildFile; fileRef = BCB787772A290FE200A4C747 /* MockLaunchesService.swift */; };
		BCB787892A29194300A4C747 /* FlowTests.swift in Sources */ = {isa = PBXBuildFile; fileRef = BCB787882A29194300A4C747 /* FlowTests.swift */; };
		BCC5E8A62A29EBD400079E25 /* UIViewControllerRepresentable.swift in Sources */ = {isa = PBXBuildFile; fileRef = BCC5E8A52A29EBD400079E25 /* UIViewControllerRepresentable.swift */; };
		BCC5E8A72A29EBD400079E25 /* UIViewControllerRepresentable.swift in Sources */ = {isa = PBXBuildFile; fileRef = BCC5E8A52A29EBD400079E25 /* UIViewControllerRepresentable.swift */; };
		BCC5E8A92A29ECF300079E25 /* UIViewController+Preview.swift in Sources */ = {isa = PBXBuildFile; fileRef = BCC5E8A82A29ECF300079E25 /* UIViewController+Preview.swift */; };
		BCC5E8AA2A29ECF300079E25 /* UIViewController+Preview.swift in Sources */ = {isa = PBXBuildFile; fileRef = BCC5E8A82A29ECF300079E25 /* UIViewController+Preview.swift */; };
		BCC8612A2A29346E00DB6B56 /* RootFlow.swift in Sources */ = {isa = PBXBuildFile; fileRef = BCC861292A29346E00DB6B56 /* RootFlow.swift */; };
		BCC8612B2A29346E00DB6B56 /* RootFlow.swift in Sources */ = {isa = PBXBuildFile; fileRef = BCC861292A29346E00DB6B56 /* RootFlow.swift */; };
		BCC8612D2A29348700DB6B56 /* LaunchesFlow.swift in Sources */ = {isa = PBXBuildFile; fileRef = BCC8612C2A29348700DB6B56 /* LaunchesFlow.swift */; };
		BCC8612E2A29348700DB6B56 /* LaunchesFlow.swift in Sources */ = {isa = PBXBuildFile; fileRef = BCC8612C2A29348700DB6B56 /* LaunchesFlow.swift */; };
		BCC861302A29398800DB6B56 /* MockRootFlow.swift in Sources */ = {isa = PBXBuildFile; fileRef = BCC8612F2A29398800DB6B56 /* MockRootFlow.swift */; };
		BCC861312A29398800DB6B56 /* MockRootFlow.swift in Sources */ = {isa = PBXBuildFile; fileRef = BCC8612F2A29398800DB6B56 /* MockRootFlow.swift */; };
		BCC861332A2939C700DB6B56 /* MockLaunchesFlow.swift in Sources */ = {isa = PBXBuildFile; fileRef = BCC861322A2939C700DB6B56 /* MockLaunchesFlow.swift */; };
		BCC861342A2939C700DB6B56 /* MockLaunchesFlow.swift in Sources */ = {isa = PBXBuildFile; fileRef = BCC861322A2939C700DB6B56 /* MockLaunchesFlow.swift */; };
		BCE6D79E2A28E9D600399595 /* MockConfiguration.swift in Sources */ = {isa = PBXBuildFile; fileRef = BC6896F12A27CC3E00C16E52 /* MockConfiguration.swift */; };
		BCE6D79F2A28E9D800399595 /* LiveConfiguration.swift in Sources */ = {isa = PBXBuildFile; fileRef = BC6896EF2A27CC2600C16E52 /* LiveConfiguration.swift */; };
		BCE6D7A22A28EA6400399595 /* LiveConfiguration+Builder.swift in Sources */ = {isa = PBXBuildFile; fileRef = BCE6D7A02A28EA6400399595 /* LiveConfiguration+Builder.swift */; };
		BCE6D7A42A28EA7200399595 /* MockConfiguration+Builder.swift in Sources */ = {isa = PBXBuildFile; fileRef = BCE6D7A32A28EA7200399595 /* MockConfiguration+Builder.swift */; };
		BCE6D7A92A28ED8200399595 /* Localizable.strings in Resources */ = {isa = PBXBuildFile; fileRef = BCE6D7AC2A28ED8200399595 /* Localizable.strings */; };
		BCE6D7AA2A28ED8200399595 /* Localizable.strings in Resources */ = {isa = PBXBuildFile; fileRef = BCE6D7AC2A28ED8200399595 /* Localizable.strings */; };
		BCE6D7B22A28EFC400399595 /* String+Localize.swift in Sources */ = {isa = PBXBuildFile; fileRef = BCE6D7B12A28EFC400399595 /* String+Localize.swift */; };
		BCE6D7B32A28EFC400399595 /* String+Localize.swift in Sources */ = {isa = PBXBuildFile; fileRef = BCE6D7B12A28EFC400399595 /* String+Localize.swift */; };
		BCE6D7C42A2901B900399595 /* DetailViewModelTests.swift in Sources */ = {isa = PBXBuildFile; fileRef = BCE6D7C32A2901B900399595 /* DetailViewModelTests.swift */; };
/* End PBXBuildFile section */

/* Begin PBXContainerItemProxy section */
		BCB7878A2A29194300A4C747 /* PBXContainerItemProxy */ = {
			isa = PBXContainerItemProxy;
			containerPortal = BC6896A82A27427600C16E52 /* Project object */;
			proxyType = 1;
			remoteGlobalIDString = BC6896AF2A27427600C16E52;
			remoteInfo = mock;
		};
		BCB787912A29196F00A4C747 /* PBXContainerItemProxy */ = {
			isa = PBXContainerItemProxy;
			containerPortal = BC6896A82A27427600C16E52 /* Project object */;
			proxyType = 1;
			remoteGlobalIDString = BC6896AF2A27427600C16E52;
			remoteInfo = mock;
		};
		BCB787932A291A5800A4C747 /* PBXContainerItemProxy */ = {
			isa = PBXContainerItemProxy;
			containerPortal = BC6896A82A27427600C16E52 /* Project object */;
			proxyType = 1;
			remoteGlobalIDString = BC19D0892A28E6310073199B;
			remoteInfo = live;
		};
		BCE6D7C52A2901B900399595 /* PBXContainerItemProxy */ = {
			isa = PBXContainerItemProxy;
			containerPortal = BC6896A82A27427600C16E52 /* Project object */;
			proxyType = 1;
			remoteGlobalIDString = BC19D0892A28E6310073199B;
			remoteInfo = live;
		};
/* End PBXContainerItemProxy section */

/* Begin PBXFileReference section */
		BC19D0722A28A9AD0073199B /* LaunchDetailViewController.swift */ = {isa = PBXFileReference; lastKnownFileType = sourcecode.swift; path = LaunchDetailViewController.swift; sourceTree = "<group>"; };
		BC19D0782A28BCBE0073199B /* View+Extension.swift */ = {isa = PBXFileReference; lastKnownFileType = sourcecode.swift; path = "View+Extension.swift"; sourceTree = "<group>"; };
		BC19D0832A28DC5F0073199B /* Store */ = {isa = PBXFileReference; lastKnownFileType = wrapper; name = Store; path = spacex/Store; sourceTree = "<group>"; };
		BC19D0862A28E0A60073199B /* DependencyInjection */ = {isa = PBXFileReference; lastKnownFileType = wrapper; name = DependencyInjection; path = spacex/DependencyInjection; sourceTree = "<group>"; };
		BC19D0B62A28E6310073199B /* live.app */ = {isa = PBXFileReference; explicitFileType = wrapper.application; includeInIndex = 0; path = live.app; sourceTree = BUILT_PRODUCTS_DIR; };
		BC19D0B82A28E6CF0073199B /* Mock-Info.plist */ = {isa = PBXFileReference; fileEncoding = 4; lastKnownFileType = text.plist.xml; path = "Mock-Info.plist"; sourceTree = "<group>"; };
		BC19D0BA2A28E6DA0073199B /* Live-Info.plist */ = {isa = PBXFileReference; fileEncoding = 4; lastKnownFileType = text.plist.xml; path = "Live-Info.plist"; sourceTree = "<group>"; };
		BC26A8DE2A2E141C0092A7D3 /* FailService.swift */ = {isa = PBXFileReference; lastKnownFileType = sourcecode.swift; path = FailService.swift; sourceTree = "<group>"; };
		BC26A8E12A2E16BF0092A7D3 /* FailLaunchesService.swift */ = {isa = PBXFileReference; lastKnownFileType = sourcecode.swift; path = FailLaunchesService.swift; sourceTree = "<group>"; };
		BC2AF3142A2C9C83007D97D2 /* LiveService.swift */ = {isa = PBXFileReference; lastKnownFileType = sourcecode.swift; path = LiveService.swift; sourceTree = "<group>"; };
		BC2AF3172A2C9C8B007D97D2 /* MockService.swift */ = {isa = PBXFileReference; lastKnownFileType = sourcecode.swift; path = MockService.swift; sourceTree = "<group>"; };
		BC42DBEB2A30D23600634B00 /* Log */ = {isa = PBXFileReference; lastKnownFileType = wrapper; name = Log; path = spacex/Log; sourceTree = "<group>"; };
		BC42DBF02A31E19800634B00 /* InputStream+String.swift */ = {isa = PBXFileReference; lastKnownFileType = sourcecode.swift; path = "InputStream+String.swift"; sourceTree = "<group>"; };
		BC42DBF82A322A8E00634B00 /* LiveNetworkingDelegate.swift */ = {isa = PBXFileReference; lastKnownFileType = sourcecode.swift; path = LiveNetworkingDelegate.swift; sourceTree = "<group>"; };
		BC4328582A2E2CCC00F73C62 /* _LaunchesView.swift */ = {isa = PBXFileReference; lastKnownFileType = sourcecode.swift; path = _LaunchesView.swift; sourceTree = "<group>"; };
		BC43285B2A2E2CF400F73C62 /* _LaunchesViewModel.swift */ = {isa = PBXFileReference; lastKnownFileType = sourcecode.swift; path = _LaunchesViewModel.swift; sourceTree = "<group>"; };
		BC43285E2A2E3E4800F73C62 /* Loadable+ViewState.swift */ = {isa = PBXFileReference; lastKnownFileType = sourcecode.swift; path = "Loadable+ViewState.swift"; sourceTree = "<group>"; };
		BC4328612A2E3E5500F73C62 /* Paginable+ViewState.swift */ = {isa = PBXFileReference; lastKnownFileType = sourcecode.swift; path = "Paginable+ViewState.swift"; sourceTree = "<group>"; };
		BC645ACB2A2F92B100918A92 /* MainFlowView.swift */ = {isa = PBXFileReference; lastKnownFileType = sourcecode.swift; path = MainFlowView.swift; sourceTree = "<group>"; };
		BC645ACE2A2F92C800918A92 /* MainFlowViewModel.swift */ = {isa = PBXFileReference; lastKnownFileType = sourcecode.swift; path = MainFlowViewModel.swift; sourceTree = "<group>"; };
		BC645AD12A2FE28500918A92 /* SortView.swift */ = {isa = PBXFileReference; lastKnownFileType = sourcecode.swift; path = SortView.swift; sourceTree = "<group>"; };
		BC645AD42A2FE28A00918A92 /* SortViewModel.swift */ = {isa = PBXFileReference; lastKnownFileType = sourcecode.swift; path = SortViewModel.swift; sourceTree = "<group>"; };
		BC645AD72A3071EA00918A92 /* Presentable.swift */ = {isa = PBXFileReference; lastKnownFileType = sourcecode.swift; path = Presentable.swift; sourceTree = "<group>"; };
		BC645ADA2A308FDC00918A92 /* MainFlowTests.swift */ = {isa = PBXFileReference; lastKnownFileType = sourcecode.swift; path = MainFlowTests.swift; sourceTree = "<group>"; };
		BC645ADC2A30980C00918A92 /* Navigable.swift */ = {isa = PBXFileReference; lastKnownFileType = sourcecode.swift; path = Navigable.swift; sourceTree = "<group>"; };
		BC645ADF2A309B5000918A92 /* PresentableTests.swift */ = {isa = PBXFileReference; lastKnownFileType = sourcecode.swift; path = PresentableTests.swift; sourceTree = "<group>"; };
		BC645AE72A30A64700918A92 /* MainApp.swift */ = {isa = PBXFileReference; lastKnownFileType = sourcecode.swift; path = MainApp.swift; sourceTree = "<group>"; };
		BC6896B02A27427600C16E52 /* mock.app */ = {isa = PBXFileReference; explicitFileType = wrapper.application; includeInIndex = 0; path = mock.app; sourceTree = BUILT_PRODUCTS_DIR; };
		BC6896B32A27427600C16E52 /* AppDelegate.swift */ = {isa = PBXFileReference; lastKnownFileType = sourcecode.swift; path = AppDelegate.swift; sourceTree = "<group>"; };
		BC6896BC2A27427700C16E52 /* Assets.xcassets */ = {isa = PBXFileReference; lastKnownFileType = folder.assetcatalog; path = Assets.xcassets; sourceTree = "<group>"; };
		BC6896BF2A27427700C16E52 /* Base */ = {isa = PBXFileReference; lastKnownFileType = file.storyboard; name = Base; path = Base.lproj/LaunchScreen.storyboard; sourceTree = "<group>"; };
		BC6896DF2A2757C400C16E52 /* Model */ = {isa = PBXFileReference; lastKnownFileType = wrapper; name = Model; path = spacex/Model; sourceTree = "<group>"; };
		BC6896E22A27624200C16E52 /* Networking */ = {isa = PBXFileReference; lastKnownFileType = wrapper; name = Networking; path = spacex/Networking; sourceTree = "<group>"; };
		BC6896E52A27981F00C16E52 /* Repository */ = {isa = PBXFileReference; lastKnownFileType = wrapper; name = Repository; path = spacex/Repository; sourceTree = "<group>"; };
		BC6896EA2A27CA2600C16E52 /* Service.swift */ = {isa = PBXFileReference; lastKnownFileType = sourcecode.swift; path = Service.swift; sourceTree = "<group>"; };
		BC6896EC2A27CBB000C16E52 /* Configuration.swift */ = {isa = PBXFileReference; lastKnownFileType = sourcecode.swift; path = Configuration.swift; sourceTree = "<group>"; };
		BC6896EF2A27CC2600C16E52 /* LiveConfiguration.swift */ = {isa = PBXFileReference; lastKnownFileType = sourcecode.swift; path = LiveConfiguration.swift; sourceTree = "<group>"; };
		BC6896F12A27CC3E00C16E52 /* MockConfiguration.swift */ = {isa = PBXFileReference; lastKnownFileType = sourcecode.swift; path = MockConfiguration.swift; sourceTree = "<group>"; };
		BC6896F32A27CEAD00C16E52 /* LiveLaunchesService.swift */ = {isa = PBXFileReference; lastKnownFileType = sourcecode.swift; path = LiveLaunchesService.swift; sourceTree = "<group>"; };
		BC6896F52A27CEBF00C16E52 /* LiveAppStateService.swift */ = {isa = PBXFileReference; lastKnownFileType = sourcecode.swift; path = LiveAppStateService.swift; sourceTree = "<group>"; };
		BC6896FC2A27D75C00C16E52 /* LiveLaunchesFlow.swift */ = {isa = PBXFileReference; lastKnownFileType = sourcecode.swift; path = LiveLaunchesFlow.swift; sourceTree = "<group>"; };
		BC6896FF2A27D77900C16E52 /* LiveRootFlow.swift */ = {isa = PBXFileReference; lastKnownFileType = sourcecode.swift; path = LiveRootFlow.swift; sourceTree = "<group>"; };
		BC6897052A27DA7000C16E52 /* LaunchesViewController.swift */ = {isa = PBXFileReference; lastKnownFileType = sourcecode.swift; path = LaunchesViewController.swift; sourceTree = "<group>"; };
		BC6897072A27DA9600C16E52 /* LaunchesViewModel.swift */ = {isa = PBXFileReference; lastKnownFileType = sourcecode.swift; path = LaunchesViewModel.swift; sourceTree = "<group>"; };
		BC68970A2A27DD9C00C16E52 /* LaunchCell.swift */ = {isa = PBXFileReference; lastKnownFileType = sourcecode.swift; path = LaunchCell.swift; sourceTree = "<group>"; };
		BC68970D2A27DF7500C16E52 /* Collection+Safe.swift */ = {isa = PBXFileReference; lastKnownFileType = sourcecode.swift; path = "Collection+Safe.swift"; sourceTree = "<group>"; };
		BC6897122A27EBBE00C16E52 /* SortActionSheet.swift */ = {isa = PBXFileReference; lastKnownFileType = sourcecode.swift; path = SortActionSheet.swift; sourceTree = "<group>"; };
		BC6897152A27EF9000C16E52 /* ErrorAlert.swift */ = {isa = PBXFileReference; lastKnownFileType = sourcecode.swift; path = ErrorAlert.swift; sourceTree = "<group>"; };
		BC6897182A2892F900C16E52 /* LaunchDetailView.swift */ = {isa = PBXFileReference; lastKnownFileType = sourcecode.swift; path = LaunchDetailView.swift; sourceTree = "<group>"; };
		BC68971A2A28930500C16E52 /* LaunchDetailViewModel.swift */ = {isa = PBXFileReference; lastKnownFileType = sourcecode.swift; path = LaunchDetailViewModel.swift; sourceTree = "<group>"; };
		BC7CC9E62A29E0580015E9F5 /* ViewComponent */ = {isa = PBXFileReference; lastKnownFileType = wrapper; name = ViewComponent; path = spacex/ViewComponent; sourceTree = "<group>"; };
		BC845F5E2A3900EB003EC00C /* L.swift */ = {isa = PBXFileReference; fileEncoding = 4; lastKnownFileType = sourcecode.swift; path = L.swift; sourceTree = "<group>"; };
		BCB787642A290B2A00A4C747 /* ConfigurationTests.swift */ = {isa = PBXFileReference; lastKnownFileType = sourcecode.swift; path = ConfigurationTests.swift; sourceTree = "<group>"; };
		BCB7876A2A290D0300A4C747 /* ServiceTests.swift */ = {isa = PBXFileReference; lastKnownFileType = sourcecode.swift; path = ServiceTests.swift; sourceTree = "<group>"; };
		BCB7876E2A290E8600A4C747 /* AppStateService.swift */ = {isa = PBXFileReference; lastKnownFileType = sourcecode.swift; path = AppStateService.swift; sourceTree = "<group>"; };
		BCB787712A290EFE00A4C747 /* MockAppStateService.swift */ = {isa = PBXFileReference; lastKnownFileType = sourcecode.swift; path = MockAppStateService.swift; sourceTree = "<group>"; };
		BCB787742A290FDC00A4C747 /* LaunchesService.swift */ = {isa = PBXFileReference; lastKnownFileType = sourcecode.swift; path = LaunchesService.swift; sourceTree = "<group>"; };
		BCB787772A290FE200A4C747 /* MockLaunchesService.swift */ = {isa = PBXFileReference; lastKnownFileType = sourcecode.swift; path = MockLaunchesService.swift; sourceTree = "<group>"; };
		BCB787842A29194300A4C747 /* UITests.xctest */ = {isa = PBXFileReference; explicitFileType = wrapper.cfbundle; includeInIndex = 0; path = UITests.xctest; sourceTree = BUILT_PRODUCTS_DIR; };
		BCB787882A29194300A4C747 /* FlowTests.swift */ = {isa = PBXFileReference; lastKnownFileType = sourcecode.swift; path = FlowTests.swift; sourceTree = "<group>"; };
		BCC5E8A52A29EBD400079E25 /* UIViewControllerRepresentable.swift */ = {isa = PBXFileReference; lastKnownFileType = sourcecode.swift; path = UIViewControllerRepresentable.swift; sourceTree = "<group>"; };
		BCC5E8A82A29ECF300079E25 /* UIViewController+Preview.swift */ = {isa = PBXFileReference; lastKnownFileType = sourcecode.swift; path = "UIViewController+Preview.swift"; sourceTree = "<group>"; };
		BCC861292A29346E00DB6B56 /* RootFlow.swift */ = {isa = PBXFileReference; lastKnownFileType = sourcecode.swift; path = RootFlow.swift; sourceTree = "<group>"; };
		BCC8612C2A29348700DB6B56 /* LaunchesFlow.swift */ = {isa = PBXFileReference; lastKnownFileType = sourcecode.swift; path = LaunchesFlow.swift; sourceTree = "<group>"; };
		BCC8612F2A29398800DB6B56 /* MockRootFlow.swift */ = {isa = PBXFileReference; lastKnownFileType = sourcecode.swift; path = MockRootFlow.swift; sourceTree = "<group>"; };
		BCC861322A2939C700DB6B56 /* MockLaunchesFlow.swift */ = {isa = PBXFileReference; lastKnownFileType = sourcecode.swift; path = MockLaunchesFlow.swift; sourceTree = "<group>"; };
		BCE6D7A02A28EA6400399595 /* LiveConfiguration+Builder.swift */ = {isa = PBXFileReference; lastKnownFileType = sourcecode.swift; path = "LiveConfiguration+Builder.swift"; sourceTree = "<group>"; };
		BCE6D7A32A28EA7200399595 /* MockConfiguration+Builder.swift */ = {isa = PBXFileReference; lastKnownFileType = sourcecode.swift; path = "MockConfiguration+Builder.swift"; sourceTree = "<group>"; };
		BCE6D7AB2A28ED8200399595 /* en */ = {isa = PBXFileReference; lastKnownFileType = text.plist.strings; name = en; path = en.lproj/Localizable.strings; sourceTree = "<group>"; };
		BCE6D7AD2A28EDD200399595 /* cs */ = {isa = PBXFileReference; lastKnownFileType = text.plist.strings; name = cs; path = cs.lproj/Localizable.strings; sourceTree = "<group>"; };
		BCE6D7B12A28EFC400399595 /* String+Localize.swift */ = {isa = PBXFileReference; lastKnownFileType = sourcecode.swift; path = "String+Localize.swift"; sourceTree = "<group>"; };
		BCE6D7B42A28FF1900399595 /* plan.xctestplan */ = {isa = PBXFileReference; lastKnownFileType = text; path = plan.xctestplan; sourceTree = "<group>"; };
		BCE6D7C12A2901B900399595 /* Tests.xctest */ = {isa = PBXFileReference; explicitFileType = wrapper.cfbundle; includeInIndex = 0; path = Tests.xctest; sourceTree = BUILT_PRODUCTS_DIR; };
		BCE6D7C32A2901B900399595 /* DetailViewModelTests.swift */ = {isa = PBXFileReference; lastKnownFileType = sourcecode.swift; path = DetailViewModelTests.swift; sourceTree = "<group>"; };
/* End PBXFileReference section */

/* Begin PBXFrameworksBuildPhase section */
		BC19D0AA2A28E6310073199B /* Frameworks */ = {
			isa = PBXFrameworksBuildPhase;
			buildActionMask = 2147483647;
			files = (
				BC42DBEF2A310A4100634B00 /* Log in Frameworks */,
				BC19D0AB2A28E6310073199B /* Networking in Frameworks */,
				BC19D0AC2A28E6310073199B /* Model in Frameworks */,
				BC19D0AD2A28E6310073199B /* Store in Frameworks */,
				BC7CC9EA2A29E19D0015E9F5 /* ViewComponent in Frameworks */,
				BC19D0AE2A28E6310073199B /* DependencyInjection in Frameworks */,
				BC19D0AF2A28E6310073199B /* Repository in Frameworks */,
			);
			runOnlyForDeploymentPostprocessing = 0;
		};
		BC6896AD2A27427600C16E52 /* Frameworks */ = {
			isa = PBXFrameworksBuildPhase;
			buildActionMask = 2147483647;
			files = (
				BC42DBED2A310A3B00634B00 /* Log in Frameworks */,
				BC6896E42A278E6E00C16E52 /* Networking in Frameworks */,
				BC6896E12A2757D000C16E52 /* Model in Frameworks */,
				BC19D0852A28DCD70073199B /* Store in Frameworks */,
				BC7CC9E82A29E1950015E9F5 /* ViewComponent in Frameworks */,
				BC19D0882A28E47F0073199B /* DependencyInjection in Frameworks */,
				BC6896E72A27982600C16E52 /* Repository in Frameworks */,
			);
			runOnlyForDeploymentPostprocessing = 0;
		};
		BCB787812A29194300A4C747 /* Frameworks */ = {
			isa = PBXFrameworksBuildPhase;
			buildActionMask = 2147483647;
			files = (
			);
			runOnlyForDeploymentPostprocessing = 0;
		};
		BCE6D7BE2A2901B900399595 /* Frameworks */ = {
			isa = PBXFrameworksBuildPhase;
			buildActionMask = 2147483647;
			files = (
			);
			runOnlyForDeploymentPostprocessing = 0;
		};
/* End PBXFrameworksBuildPhase section */

/* Begin PBXGroup section */
		BC42DBF32A31E19E00634B00 /* Extension */ = {
			isa = PBXGroup;
			children = (
				BC68970D2A27DF7500C16E52 /* Collection+Safe.swift */,
				BC19D0782A28BCBE0073199B /* View+Extension.swift */,
				BCE6D7B12A28EFC400399595 /* String+Localize.swift */,
				BCC5E8A82A29ECF300079E25 /* UIViewController+Preview.swift */,
				BC43285E2A2E3E4800F73C62 /* Loadable+ViewState.swift */,
				BC4328612A2E3E5500F73C62 /* Paginable+ViewState.swift */,
				BC42DBF02A31E19800634B00 /* InputStream+String.swift */,
			);
			path = Extension;
			sourceTree = "<group>";
		};
		BC42DBF72A322A8000634B00 /* Delegate */ = {
			isa = PBXGroup;
			children = (
				BC42DBF82A322A8E00634B00 /* LiveNetworkingDelegate.swift */,
			);
			path = Delegate;
			sourceTree = "<group>";
		};
		BC645ACA2A2F92A400918A92 /* Main */ = {
			isa = PBXGroup;
			children = (
				BC645ACB2A2F92B100918A92 /* MainFlowView.swift */,
				BC645ACE2A2F92C800918A92 /* MainFlowViewModel.swift */,
			);
			path = Main;
			sourceTree = "<group>";
		};
		BC6896A72A27427600C16E52 = {
			isa = PBXGroup;
			children = (
				BCE6D7B42A28FF1900399595 /* plan.xctestplan */,
				BC19D0862A28E0A60073199B /* DependencyInjection */,
				BC19D0832A28DC5F0073199B /* Store */,
				BC6896E52A27981F00C16E52 /* Repository */,
				BC6896E22A27624200C16E52 /* Networking */,
				BC6896DF2A2757C400C16E52 /* Model */,
				BC7CC9E62A29E0580015E9F5 /* ViewComponent */,
				BC42DBEB2A30D23600634B00 /* Log */,
				BC6896B22A27427600C16E52 /* spacex */,
				BCE6D7C22A2901B900399595 /* Tests */,
				BCB787852A29194300A4C747 /* UITests */,
				BC6896B12A27427600C16E52 /* Products */,
				BC6896D82A2749E500C16E52 /* Frameworks */,
			);
			sourceTree = "<group>";
		};
		BC6896B12A27427600C16E52 /* Products */ = {
			isa = PBXGroup;
			children = (
				BC6896B02A27427600C16E52 /* mock.app */,
				BC19D0B62A28E6310073199B /* live.app */,
				BCE6D7C12A2901B900399595 /* Tests.xctest */,
				BCB787842A29194300A4C747 /* UITests.xctest */,
			);
			name = Products;
			sourceTree = "<group>";
		};
		BC6896B22A27427600C16E52 /* spacex */ = {
			isa = PBXGroup;
			children = (
				BC68970C2A27DF6600C16E52 /* Util */,
				BC6897032A27DA4B00C16E52 /* Views */,
				BC6896FA2A27D74300C16E52 /* Flow */,
				BC6896EE2A27CC0E00C16E52 /* Configuration */,
				BC6896E92A27CA1700C16E52 /* Service */,
				BC6896CD2A27450700C16E52 /* Resources */,
				BC6896B32A27427600C16E52 /* AppDelegate.swift */,
				BC645AE72A30A64700918A92 /* MainApp.swift */,
			);
			path = spacex;
			sourceTree = "<group>";
		};
		BC6896CD2A27450700C16E52 /* Resources */ = {
			isa = PBXGroup;
			children = (
				BC845F5E2A3900EB003EC00C /* L.swift */,
				BC19D0BA2A28E6DA0073199B /* Live-Info.plist */,
				BC19D0B82A28E6CF0073199B /* Mock-Info.plist */,
				BC6896BE2A27427700C16E52 /* LaunchScreen.storyboard */,
				BC6896BC2A27427700C16E52 /* Assets.xcassets */,
				BCE6D7AC2A28ED8200399595 /* Localizable.strings */,
			);
			path = Resources;
			sourceTree = "<group>";
		};
		BC6896D82A2749E500C16E52 /* Frameworks */ = {
			isa = PBXGroup;
			children = (
			);
			name = Frameworks;
			sourceTree = "<group>";
		};
		BC6896E92A27CA1700C16E52 /* Service */ = {
			isa = PBXGroup;
			children = (
				BCB7876D2A290E6F00A4C747 /* AppStateService */,
				BCB7876C2A290E6600A4C747 /* LaunchesService */,
				BC6896EA2A27CA2600C16E52 /* Service.swift */,
				BC2AF3142A2C9C83007D97D2 /* LiveService.swift */,
				BC2AF3172A2C9C8B007D97D2 /* MockService.swift */,
				BC26A8DE2A2E141C0092A7D3 /* FailService.swift */,
			);
			path = Service;
			sourceTree = "<group>";
		};
		BC6896EE2A27CC0E00C16E52 /* Configuration */ = {
			isa = PBXGroup;
			children = (
				BC6896EC2A27CBB000C16E52 /* Configuration.swift */,
				BC6896EF2A27CC2600C16E52 /* LiveConfiguration.swift */,
				BC6896F12A27CC3E00C16E52 /* MockConfiguration.swift */,
				BCE6D7A02A28EA6400399595 /* LiveConfiguration+Builder.swift */,
				BCE6D7A32A28EA7200399595 /* MockConfiguration+Builder.swift */,
			);
			path = Configuration;
			sourceTree = "<group>";
		};
		BC6896FA2A27D74300C16E52 /* Flow */ = {
			isa = PBXGroup;
			children = (
				BC645ACA2A2F92A400918A92 /* Main */,
				BC6896FE2A27D76F00C16E52 /* Root */,
				BC6896FB2A27D74A00C16E52 /* Launches */,
			);
			path = Flow;
			sourceTree = "<group>";
		};
		BC6896FB2A27D74A00C16E52 /* Launches */ = {
			isa = PBXGroup;
			children = (
				BCC8612C2A29348700DB6B56 /* LaunchesFlow.swift */,
				BC6896FC2A27D75C00C16E52 /* LiveLaunchesFlow.swift */,
				BCC861322A2939C700DB6B56 /* MockLaunchesFlow.swift */,
			);
			path = Launches;
			sourceTree = "<group>";
		};
		BC6896FE2A27D76F00C16E52 /* Root */ = {
			isa = PBXGroup;
			children = (
				BCC861292A29346E00DB6B56 /* RootFlow.swift */,
				BC6896FF2A27D77900C16E52 /* LiveRootFlow.swift */,
				BCC8612F2A29398800DB6B56 /* MockRootFlow.swift */,
			);
			path = Root;
			sourceTree = "<group>";
		};
		BC6897032A27DA4B00C16E52 /* Views */ = {
			isa = PBXGroup;
			children = (
				BC6897042A27DA5300C16E52 /* Launches */,
			);
			path = Views;
			sourceTree = "<group>";
		};
		BC6897042A27DA5300C16E52 /* Launches */ = {
			isa = PBXGroup;
			children = (
				BC6897172A2892EF00C16E52 /* Detail */,
				BC6897142A27EF8600C16E52 /* Error */,
				BC68970F2A27E72F00C16E52 /* Sort */,
				BC6897092A27DD8A00C16E52 /* LaunchCell */,
				BC6897052A27DA7000C16E52 /* LaunchesViewController.swift */,
				BC6897072A27DA9600C16E52 /* LaunchesViewModel.swift */,
				BC4328582A2E2CCC00F73C62 /* _LaunchesView.swift */,
				BC43285B2A2E2CF400F73C62 /* _LaunchesViewModel.swift */,
			);
			path = Launches;
			sourceTree = "<group>";
		};
		BC6897092A27DD8A00C16E52 /* LaunchCell */ = {
			isa = PBXGroup;
			children = (
				BC68970A2A27DD9C00C16E52 /* LaunchCell.swift */,
			);
			path = LaunchCell;
			sourceTree = "<group>";
		};
		BC68970C2A27DF6600C16E52 /* Util */ = {
			isa = PBXGroup;
			children = (
				BC42DBF72A322A8000634B00 /* Delegate */,
				BC42DBF32A31E19E00634B00 /* Extension */,
				BCC5E8A52A29EBD400079E25 /* UIViewControllerRepresentable.swift */,
				BC645AD72A3071EA00918A92 /* Presentable.swift */,
				BC645ADC2A30980C00918A92 /* Navigable.swift */,
			);
			path = Util;
			sourceTree = "<group>";
		};
		BC68970F2A27E72F00C16E52 /* Sort */ = {
			isa = PBXGroup;
			children = (
				BC6897122A27EBBE00C16E52 /* SortActionSheet.swift */,
				BC645AD12A2FE28500918A92 /* SortView.swift */,
				BC645AD42A2FE28A00918A92 /* SortViewModel.swift */,
			);
			path = Sort;
			sourceTree = "<group>";
		};
		BC6897142A27EF8600C16E52 /* Error */ = {
			isa = PBXGroup;
			children = (
				BC6897152A27EF9000C16E52 /* ErrorAlert.swift */,
			);
			path = Error;
			sourceTree = "<group>";
		};
		BC6897172A2892EF00C16E52 /* Detail */ = {
			isa = PBXGroup;
			children = (
				BC6897182A2892F900C16E52 /* LaunchDetailView.swift */,
				BC68971A2A28930500C16E52 /* LaunchDetailViewModel.swift */,
				BC19D0722A28A9AD0073199B /* LaunchDetailViewController.swift */,
			);
			path = Detail;
			sourceTree = "<group>";
		};
		BCB7876C2A290E6600A4C747 /* LaunchesService */ = {
			isa = PBXGroup;
			children = (
				BCB787742A290FDC00A4C747 /* LaunchesService.swift */,
				BC6896F32A27CEAD00C16E52 /* LiveLaunchesService.swift */,
				BCB787772A290FE200A4C747 /* MockLaunchesService.swift */,
				BC26A8E12A2E16BF0092A7D3 /* FailLaunchesService.swift */,
			);
			path = LaunchesService;
			sourceTree = "<group>";
		};
		BCB7876D2A290E6F00A4C747 /* AppStateService */ = {
			isa = PBXGroup;
			children = (
				BCB7876E2A290E8600A4C747 /* AppStateService.swift */,
				BC6896F52A27CEBF00C16E52 /* LiveAppStateService.swift */,
				BCB787712A290EFE00A4C747 /* MockAppStateService.swift */,
			);
			path = AppStateService;
			sourceTree = "<group>";
		};
		BCB787852A29194300A4C747 /* UITests */ = {
			isa = PBXGroup;
			children = (
				BCB787882A29194300A4C747 /* FlowTests.swift */,
			);
			path = UITests;
			sourceTree = "<group>";
		};
		BCE6D7C22A2901B900399595 /* Tests */ = {
			isa = PBXGroup;
			children = (
				BCE6D7C32A2901B900399595 /* DetailViewModelTests.swift */,
				BCB787642A290B2A00A4C747 /* ConfigurationTests.swift */,
				BCB7876A2A290D0300A4C747 /* ServiceTests.swift */,
				BC645ADA2A308FDC00918A92 /* MainFlowTests.swift */,
				BC645ADF2A309B5000918A92 /* PresentableTests.swift */,
			);
			path = Tests;
			sourceTree = "<group>";
		};
/* End PBXGroup section */

/* Begin PBXNativeTarget section */
		BC19D0892A28E6310073199B /* live */ = {
			isa = PBXNativeTarget;
			buildConfigurationList = BC19D0B32A28E6310073199B /* Build configuration list for PBXNativeTarget "live" */;
			buildPhases = (
				BC845F5D2A38FFDB003EC00C /* Run Script */,
				BC19D0902A28E6310073199B /* Sources */,
				BC19D0AA2A28E6310073199B /* Frameworks */,
				BC19D0B02A28E6310073199B /* Resources */,
				BC645AE12A30A2B900918A92 /* ShellScript */,
			);
			buildRules = (
			);
			dependencies = (
				BC19D08A2A28E6310073199B /* PBXTargetDependency */,
			);
			name = live;
			packageProductDependencies = (
				BC19D08B2A28E6310073199B /* Model */,
				BC19D08C2A28E6310073199B /* Networking */,
				BC19D08D2A28E6310073199B /* Repository */,
				BC19D08E2A28E6310073199B /* Store */,
				BC19D08F2A28E6310073199B /* DependencyInjection */,
				BC7CC9E92A29E19D0015E9F5 /* ViewComponent */,
				BC42DBEE2A310A4100634B00 /* Log */,
			);
			productName = spacex;
			productReference = BC19D0B62A28E6310073199B /* live.app */;
			productType = "com.apple.product-type.application";
		};
		BC6896AF2A27427600C16E52 /* mock */ = {
			isa = PBXNativeTarget;
			buildConfigurationList = BC6896C42A27427700C16E52 /* Build configuration list for PBXNativeTarget "mock" */;
			buildPhases = (
				BC6B9DCF2A39DB4E0035895E /* ShellScript */,
				BC6896AC2A27427600C16E52 /* Sources */,
				BC6896AD2A27427600C16E52 /* Frameworks */,
				BC6896AE2A27427600C16E52 /* Resources */,
				BCC5E8AB2A2A1D3B00079E25 /* ShellScript */,
			);
			buildRules = (
			);
			dependencies = (
				BC6896DE2A274B0400C16E52 /* PBXTargetDependency */,
			);
			name = mock;
			packageProductDependencies = (
				BC6896E02A2757D000C16E52 /* Model */,
				BC6896E32A278E6E00C16E52 /* Networking */,
				BC6896E62A27982600C16E52 /* Repository */,
				BC19D0842A28DCD70073199B /* Store */,
				BC19D0872A28E47F0073199B /* DependencyInjection */,
				BC7CC9E72A29E1950015E9F5 /* ViewComponent */,
				BC42DBEC2A310A3B00634B00 /* Log */,
			);
			productName = spacex;
			productReference = BC6896B02A27427600C16E52 /* mock.app */;
			productType = "com.apple.product-type.application";
		};
		BCB787832A29194300A4C747 /* UITests */ = {
			isa = PBXNativeTarget;
			buildConfigurationList = BCB7878C2A29194300A4C747 /* Build configuration list for PBXNativeTarget "UITests" */;
			buildPhases = (
				BCB787802A29194300A4C747 /* Sources */,
				BCB787812A29194300A4C747 /* Frameworks */,
				BCB787822A29194300A4C747 /* Resources */,
			);
			buildRules = (
			);
			dependencies = (
				BCB787942A291A5800A4C747 /* PBXTargetDependency */,
				BCB7878B2A29194300A4C747 /* PBXTargetDependency */,
			);
			name = UITests;
			productName = UITests;
			productReference = BCB787842A29194300A4C747 /* UITests.xctest */;
			productType = "com.apple.product-type.bundle.ui-testing";
		};
		BCE6D7C02A2901B900399595 /* Tests */ = {
			isa = PBXNativeTarget;
			buildConfigurationList = BCE6D7C72A2901B900399595 /* Build configuration list for PBXNativeTarget "Tests" */;
			buildPhases = (
				BCE6D7BD2A2901B900399595 /* Sources */,
				BCE6D7BE2A2901B900399595 /* Frameworks */,
				BCE6D7BF2A2901B900399595 /* Resources */,
			);
			buildRules = (
			);
			dependencies = (
				BCE6D7C62A2901B900399595 /* PBXTargetDependency */,
				BCB787922A29196F00A4C747 /* PBXTargetDependency */,
			);
			name = Tests;
			productName = Tests;
			productReference = BCE6D7C12A2901B900399595 /* Tests.xctest */;
			productType = "com.apple.product-type.bundle.unit-test";
		};
/* End PBXNativeTarget section */

/* Begin PBXProject section */
		BC6896A82A27427600C16E52 /* Project object */ = {
			isa = PBXProject;
			attributes = {
				BuildIndependentTargetsInParallel = 1;
				LastSwiftUpdateCheck = 1430;
				LastUpgradeCheck = 1430;
				TargetAttributes = {
					BC6896AF2A27427600C16E52 = {
						CreatedOnToolsVersion = 14.3;
					};
					BCB787832A29194300A4C747 = {
						CreatedOnToolsVersion = 14.3;
						TestTargetID = BC6896AF2A27427600C16E52;
					};
					BCE6D7C02A2901B900399595 = {
						CreatedOnToolsVersion = 14.3;
						TestTargetID = BC6896AF2A27427600C16E52;
					};
				};
			};
			buildConfigurationList = BC6896AB2A27427600C16E52 /* Build configuration list for PBXProject "spacex" */;
			compatibilityVersion = "Xcode 14.0";
			developmentRegion = en;
			hasScannedForEncodings = 0;
			knownRegions = (
				en,
				Base,
				cs,
			);
			mainGroup = BC6896A72A27427600C16E52;
			packageReferences = (
			);
			productRefGroup = BC6896B12A27427600C16E52 /* Products */;
			projectDirPath = "";
			projectRoot = "";
			targets = (
				BC6896AF2A27427600C16E52 /* mock */,
				BC19D0892A28E6310073199B /* live */,
				BCE6D7C02A2901B900399595 /* Tests */,
				BCB787832A29194300A4C747 /* UITests */,
			);
		};
/* End PBXProject section */

/* Begin PBXResourcesBuildPhase section */
		BC19D0B02A28E6310073199B /* Resources */ = {
			isa = PBXResourcesBuildPhase;
			buildActionMask = 2147483647;
			files = (
				BC19D0B12A28E6310073199B /* LaunchScreen.storyboard in Resources */,
				BCE6D7AA2A28ED8200399595 /* Localizable.strings in Resources */,
				BC19D0B22A28E6310073199B /* Assets.xcassets in Resources */,
			);
			runOnlyForDeploymentPostprocessing = 0;
		};
		BC6896AE2A27427600C16E52 /* Resources */ = {
			isa = PBXResourcesBuildPhase;
			buildActionMask = 2147483647;
			files = (
				BC6896C02A27427700C16E52 /* LaunchScreen.storyboard in Resources */,
				BCE6D7A92A28ED8200399595 /* Localizable.strings in Resources */,
				BC6896BD2A27427700C16E52 /* Assets.xcassets in Resources */,
			);
			runOnlyForDeploymentPostprocessing = 0;
		};
		BCB787822A29194300A4C747 /* Resources */ = {
			isa = PBXResourcesBuildPhase;
			buildActionMask = 2147483647;
			files = (
			);
			runOnlyForDeploymentPostprocessing = 0;
		};
		BCE6D7BF2A2901B900399595 /* Resources */ = {
			isa = PBXResourcesBuildPhase;
			buildActionMask = 2147483647;
			files = (
			);
			runOnlyForDeploymentPostprocessing = 0;
		};
/* End PBXResourcesBuildPhase section */

/* Begin PBXShellScriptBuildPhase section */
		BC645AE12A30A2B900918A92 /* ShellScript */ = {
			isa = PBXShellScriptBuildPhase;
			alwaysOutOfDate = 1;
			buildActionMask = 2147483647;
			files = (
			);
			inputFileListPaths = (
			);
			inputPaths = (
			);
			outputFileListPaths = (
			);
			outputPaths = (
			);
			runOnlyForDeploymentPostprocessing = 0;
			shellPath = /bin/sh;
			shellScript = "if [[ \"$(uname -m)\" == arm64 ]]; then\n    export PATH=\"/opt/homebrew/bin:$PATH\"\nfi\n\nif which swiftlint > /dev/null; then\n  swiftlint\nelse\n  echo \"warning: SwiftLint not installed, download from https://github.com/realm/SwiftLint\"\nfi\n";
		};
		BC6B9DCF2A39DB4E0035895E /* ShellScript */ = {
			isa = PBXShellScriptBuildPhase;
			alwaysOutOfDate = 1;
			buildActionMask = 2147483647;
			files = (
			);
			inputFileListPaths = (
			);
			inputPaths = (
			);
			outputFileListPaths = (
			);
			outputPaths = (
			);
			runOnlyForDeploymentPostprocessing = 0;
			shellPath = /bin/sh;
			shellScript = "/usr/bin/xcrun --sdk macosx swift Scripts/localization.swift /spacex/Resources /spacex/Resources\n";
			showEnvVarsInLog = 0;
		};
		BC845F5D2A38FFDB003EC00C /* Run Script */ = {
			isa = PBXShellScriptBuildPhase;
			alwaysOutOfDate = 1;
			buildActionMask = 2147483647;
			files = (
			);
			inputFileListPaths = (
			);
			inputPaths = (
			);
			name = "Run Script";
			outputFileListPaths = (
			);
			outputPaths = (
			);
			runOnlyForDeploymentPostprocessing = 0;
			shellPath = /bin/sh;
			shellScript = "/usr/bin/xcrun --sdk macosx swift Scripts/localization.swift /spacex/Resources /spacex/Resources\n";
			showEnvVarsInLog = 0;
		};
		BCC5E8AB2A2A1D3B00079E25 /* ShellScript */ = {
			isa = PBXShellScriptBuildPhase;
			alwaysOutOfDate = 1;
			buildActionMask = 12;
			files = (
			);
			inputFileListPaths = (
			);
			inputPaths = (
			);
			outputFileListPaths = (
			);
			outputPaths = (
			);
			runOnlyForDeploymentPostprocessing = 0;
			shellPath = /bin/sh;
			shellScript = "if [[ \"$(uname -m)\" == arm64 ]]; then\n    export PATH=\"/opt/homebrew/bin:$PATH\"\nfi\n\nif which swiftlint > /dev/null; then\n  swiftlint\nelse\n  echo \"warning: SwiftLint not installed, download from https://github.com/realm/SwiftLint\"\nfi\n";
		};
/* End PBXShellScriptBuildPhase section */

/* Begin PBXSourcesBuildPhase section */
		BC19D0902A28E6310073199B /* Sources */ = {
			isa = PBXSourcesBuildPhase;
			buildActionMask = 2147483647;
			files = (
				BC645AD32A2FE28500918A92 /* SortView.swift in Sources */,
				BCC5E8AA2A29ECF300079E25 /* UIViewController+Preview.swift in Sources */,
				BCE6D79E2A28E9D600399595 /* MockConfiguration.swift in Sources */,
				BC19D0912A28E6310073199B /* LiveLaunchesFlow.swift in Sources */,
				BC43285A2A2E2CCC00F73C62 /* _LaunchesView.swift in Sources */,
				BC19D0922A28E6310073199B /* ErrorAlert.swift in Sources */,
				BCC861312A29398800DB6B56 /* MockRootFlow.swift in Sources */,
				BC26A8E02A2E141C0092A7D3 /* FailService.swift in Sources */,
				BCB787732A290EFE00A4C747 /* MockAppStateService.swift in Sources */,
				BC645AD92A3071EA00918A92 /* Presentable.swift in Sources */,
				BC42DBFA2A322A8E00634B00 /* LiveNetworkingDelegate.swift in Sources */,
				BCB787762A290FDC00A4C747 /* LaunchesService.swift in Sources */,
				BCB787702A290E8600A4C747 /* AppStateService.swift in Sources */,
				BC19D0942A28E6310073199B /* Collection+Safe.swift in Sources */,
				BCE6D7B32A28EFC400399595 /* String+Localize.swift in Sources */,
				BC19D0962A28E6310073199B /* LaunchDetailViewController.swift in Sources */,
				BCE6D7A22A28EA6400399595 /* LiveConfiguration+Builder.swift in Sources */,
				BC19D0972A28E6310073199B /* LaunchCell.swift in Sources */,
				BC645ADE2A30980C00918A92 /* Navigable.swift in Sources */,
				BC43285D2A2E2CF400F73C62 /* _LaunchesViewModel.swift in Sources */,
				BC2AF3162A2C9C83007D97D2 /* LiveService.swift in Sources */,
				BC19D0982A28E6310073199B /* LiveRootFlow.swift in Sources */,
				BC19D09A2A28E6310073199B /* Configuration.swift in Sources */,
				BC19D09B2A28E6310073199B /* AppDelegate.swift in Sources */,
				BC19D09C2A28E6310073199B /* LaunchDetailViewModel.swift in Sources */,
				BCB787792A290FE200A4C747 /* MockLaunchesService.swift in Sources */,
				BC645ACD2A2F92B100918A92 /* MainFlowView.swift in Sources */,
				BC19D09D2A28E6310073199B /* LiveAppStateService.swift in Sources */,
				BC19D0A02A28E6310073199B /* LiveConfiguration.swift in Sources */,
				BC19D0A12A28E6310073199B /* LaunchDetailView.swift in Sources */,
				BC19D0A22A28E6310073199B /* LaunchesViewModel.swift in Sources */,
				BC19D0A32A28E6310073199B /* LaunchesViewController.swift in Sources */,
				BC845F602A3900EB003EC00C /* L.swift in Sources */,
				BCC861342A2939C700DB6B56 /* MockLaunchesFlow.swift in Sources */,
				BC19D0A42A28E6310073199B /* SortActionSheet.swift in Sources */,
				BC42DBF22A31E19800634B00 /* InputStream+String.swift in Sources */,
				BC2AF3192A2C9C8B007D97D2 /* MockService.swift in Sources */,
				BC19D0A52A28E6310073199B /* LiveLaunchesService.swift in Sources */,
				BCC8612E2A29348700DB6B56 /* LaunchesFlow.swift in Sources */,
				BC19D0A62A28E6310073199B /* View+Extension.swift in Sources */,
				BC4328632A2E3E5500F73C62 /* Paginable+ViewState.swift in Sources */,
				BCC5E8A72A29EBD400079E25 /* UIViewControllerRepresentable.swift in Sources */,
				BC4328602A2E3E4800F73C62 /* Loadable+ViewState.swift in Sources */,
				BC19D0A82A28E6310073199B /* Service.swift in Sources */,
				BC645AD02A2F92C800918A92 /* MainFlowViewModel.swift in Sources */,
				BC645AD62A2FE28A00918A92 /* SortViewModel.swift in Sources */,
				BCC8612B2A29346E00DB6B56 /* RootFlow.swift in Sources */,
				BC645AE92A30A64700918A92 /* MainApp.swift in Sources */,
				BC26A8E32A2E16BF0092A7D3 /* FailLaunchesService.swift in Sources */,
			);
			runOnlyForDeploymentPostprocessing = 0;
		};
		BC6896AC2A27427600C16E52 /* Sources */ = {
			isa = PBXSourcesBuildPhase;
			buildActionMask = 2147483647;
			files = (
				BC645AD22A2FE28500918A92 /* SortView.swift in Sources */,
				BCC5E8A92A29ECF300079E25 /* UIViewController+Preview.swift in Sources */,
				BC6896FD2A27D75C00C16E52 /* LiveLaunchesFlow.swift in Sources */,
				BC6897162A27EF9000C16E52 /* ErrorAlert.swift in Sources */,
				BC4328592A2E2CCC00F73C62 /* _LaunchesView.swift in Sources */,
				BC6896F22A27CC3E00C16E52 /* MockConfiguration.swift in Sources */,
				BCC861302A29398800DB6B56 /* MockRootFlow.swift in Sources */,
				BC26A8DF2A2E141C0092A7D3 /* FailService.swift in Sources */,
				BCB787722A290EFE00A4C747 /* MockAppStateService.swift in Sources */,
				BC645AD82A3071EA00918A92 /* Presentable.swift in Sources */,
				BC42DBF92A322A8E00634B00 /* LiveNetworkingDelegate.swift in Sources */,
				BCB787752A290FDC00A4C747 /* LaunchesService.swift in Sources */,
				BCB7876F2A290E8600A4C747 /* AppStateService.swift in Sources */,
				BC68970E2A27DF7500C16E52 /* Collection+Safe.swift in Sources */,
				BCE6D7B22A28EFC400399595 /* String+Localize.swift in Sources */,
				BC19D0732A28A9AD0073199B /* LaunchDetailViewController.swift in Sources */,
				BC68970B2A27DD9C00C16E52 /* LaunchCell.swift in Sources */,
				BC6897002A27D77900C16E52 /* LiveRootFlow.swift in Sources */,
				BC645ADD2A30980C00918A92 /* Navigable.swift in Sources */,
				BC43285C2A2E2CF400F73C62 /* _LaunchesViewModel.swift in Sources */,
				BC2AF3152A2C9C83007D97D2 /* LiveService.swift in Sources */,
				BCE6D79F2A28E9D800399595 /* LiveConfiguration.swift in Sources */,
				BC6896ED2A27CBB000C16E52 /* Configuration.swift in Sources */,
				BC6896B42A27427600C16E52 /* AppDelegate.swift in Sources */,
				BC68971B2A28930500C16E52 /* LaunchDetailViewModel.swift in Sources */,
				BCB787782A290FE200A4C747 /* MockLaunchesService.swift in Sources */,
				BC645ACC2A2F92B100918A92 /* MainFlowView.swift in Sources */,
				BCE6D7A42A28EA7200399595 /* MockConfiguration+Builder.swift in Sources */,
				BC6896F62A27CEBF00C16E52 /* LiveAppStateService.swift in Sources */,
				BC6897192A2892F900C16E52 /* LaunchDetailView.swift in Sources */,
				BC6897082A27DA9600C16E52 /* LaunchesViewModel.swift in Sources */,
				BC6897062A27DA7000C16E52 /* LaunchesViewController.swift in Sources */,
				BC845F5F2A3900EB003EC00C /* L.swift in Sources */,
				BCC861332A2939C700DB6B56 /* MockLaunchesFlow.swift in Sources */,
				BC6897132A27EBBE00C16E52 /* SortActionSheet.swift in Sources */,
				BC42DBF12A31E19800634B00 /* InputStream+String.swift in Sources */,
				BC2AF3182A2C9C8B007D97D2 /* MockService.swift in Sources */,
				BC6896F42A27CEAD00C16E52 /* LiveLaunchesService.swift in Sources */,
				BCC8612D2A29348700DB6B56 /* LaunchesFlow.swift in Sources */,
				BC19D0792A28BCBE0073199B /* View+Extension.swift in Sources */,
				BC4328622A2E3E5500F73C62 /* Paginable+ViewState.swift in Sources */,
				BCC5E8A62A29EBD400079E25 /* UIViewControllerRepresentable.swift in Sources */,
				BC43285F2A2E3E4800F73C62 /* Loadable+ViewState.swift in Sources */,
				BC6896EB2A27CA2600C16E52 /* Service.swift in Sources */,
				BC645ACF2A2F92C800918A92 /* MainFlowViewModel.swift in Sources */,
				BC645AD52A2FE28A00918A92 /* SortViewModel.swift in Sources */,
				BCC8612A2A29346E00DB6B56 /* RootFlow.swift in Sources */,
				BC645AE82A30A64700918A92 /* MainApp.swift in Sources */,
				BC26A8E22A2E16BF0092A7D3 /* FailLaunchesService.swift in Sources */,
			);
			runOnlyForDeploymentPostprocessing = 0;
		};
		BCB787802A29194300A4C747 /* Sources */ = {
			isa = PBXSourcesBuildPhase;
			buildActionMask = 2147483647;
			files = (
				BCB787892A29194300A4C747 /* FlowTests.swift in Sources */,
			);
			runOnlyForDeploymentPostprocessing = 0;
		};
		BCE6D7BD2A2901B900399595 /* Sources */ = {
			isa = PBXSourcesBuildPhase;
			buildActionMask = 2147483647;
			files = (
				BCB787652A290B2A00A4C747 /* ConfigurationTests.swift in Sources */,
				BCB7876B2A290D0300A4C747 /* ServiceTests.swift in Sources */,
				BC645ADB2A308FDC00918A92 /* MainFlowTests.swift in Sources */,
				BC645AE02A309B5000918A92 /* PresentableTests.swift in Sources */,
				BCE6D7C42A2901B900399595 /* DetailViewModelTests.swift in Sources */,
			);
			runOnlyForDeploymentPostprocessing = 0;
		};
/* End PBXSourcesBuildPhase section */

/* Begin PBXTargetDependency section */
		BC19D08A2A28E6310073199B /* PBXTargetDependency */ = {
			isa = PBXTargetDependency;
			productRef = BC6896DD2A274B0400C16E52 /* SwiftLintPlugin */;
		};
		BC6896DE2A274B0400C16E52 /* PBXTargetDependency */ = {
			isa = PBXTargetDependency;
			productRef = BC6896DD2A274B0400C16E52 /* SwiftLintPlugin */;
		};
		BCB7878B2A29194300A4C747 /* PBXTargetDependency */ = {
			isa = PBXTargetDependency;
			target = BC6896AF2A27427600C16E52 /* mock */;
			targetProxy = BCB7878A2A29194300A4C747 /* PBXContainerItemProxy */;
		};
		BCB787922A29196F00A4C747 /* PBXTargetDependency */ = {
			isa = PBXTargetDependency;
			target = BC6896AF2A27427600C16E52 /* mock */;
			targetProxy = BCB787912A29196F00A4C747 /* PBXContainerItemProxy */;
		};
		BCB787942A291A5800A4C747 /* PBXTargetDependency */ = {
			isa = PBXTargetDependency;
			target = BC19D0892A28E6310073199B /* live */;
			targetProxy = BCB787932A291A5800A4C747 /* PBXContainerItemProxy */;
		};
		BCE6D7C62A2901B900399595 /* PBXTargetDependency */ = {
			isa = PBXTargetDependency;
			target = BC19D0892A28E6310073199B /* live */;
			targetProxy = BCE6D7C52A2901B900399595 /* PBXContainerItemProxy */;
		};
/* End PBXTargetDependency section */

/* Begin PBXVariantGroup section */
		BC6896BE2A27427700C16E52 /* LaunchScreen.storyboard */ = {
			isa = PBXVariantGroup;
			children = (
				BC6896BF2A27427700C16E52 /* Base */,
			);
			name = LaunchScreen.storyboard;
			sourceTree = "<group>";
		};
		BCE6D7AC2A28ED8200399595 /* Localizable.strings */ = {
			isa = PBXVariantGroup;
			children = (
				BCE6D7AB2A28ED8200399595 /* en */,
				BCE6D7AD2A28EDD200399595 /* cs */,
			);
			name = Localizable.strings;
			sourceTree = "<group>";
		};
/* End PBXVariantGroup section */

/* Begin XCBuildConfiguration section */
		BC19D0B42A28E6310073199B /* Debug */ = {
			isa = XCBuildConfiguration;
			buildSettings = {
				ASSETCATALOG_COMPILER_APPICON_NAME = AppIcon;
				ASSETCATALOG_COMPILER_GLOBAL_ACCENT_COLOR_NAME = AccentColor;
				CODE_SIGN_STYLE = Manual;
				CURRENT_PROJECT_VERSION = 1;
				DEVELOPMENT_TEAM = "";
				GENERATE_INFOPLIST_FILE = YES;
				INFOPLIST_FILE = "spacex/Resources/Live-Info.plist";
				INFOPLIST_KEY_CFBundleDisplayName = "SpaceX - Live";
				INFOPLIST_KEY_UIApplicationSupportsIndirectInputEvents = YES;
				INFOPLIST_KEY_UILaunchStoryboardName = LaunchScreen.storyboard;
				INFOPLIST_KEY_UISupportedInterfaceOrientations = "UIInterfaceOrientationLandscapeLeft UIInterfaceOrientationLandscapeRight UIInterfaceOrientationPortrait";
				IPHONEOS_DEPLOYMENT_TARGET = 16.0;
				LD_RUNPATH_SEARCH_PATHS = (
					"$(inherited)",
					"@executable_path/Frameworks",
				);
				MARKETING_VERSION = 1.7;
				OTHER_SWIFT_FLAGS = "";
				PRODUCT_BUNDLE_IDENTIFIER = com.adamzikmund.spacex;
				PRODUCT_NAME = "$(TARGET_NAME)";
				PROVISIONING_PROFILE_SPECIFIER = "";
				SUPPORTED_PLATFORMS = "iphoneos iphonesimulator";
				SUPPORTS_MACCATALYST = NO;
				SUPPORTS_MAC_DESIGNED_FOR_IPHONE_IPAD = NO;
				SWIFT_ACTIVE_COMPILATION_CONDITIONS = "LIVE DEBUG";
				"SWIFT_ACTIVE_COMPILATION_CONDITIONS[arch=*]" = LIVE;
				SWIFT_EMIT_LOC_STRINGS = YES;
				SWIFT_VERSION = 5.0;
				TARGETED_DEVICE_FAMILY = 1;
			};
			name = Debug;
		};
		BC19D0B52A28E6310073199B /* Release */ = {
			isa = XCBuildConfiguration;
			buildSettings = {
				ASSETCATALOG_COMPILER_APPICON_NAME = AppIcon;
				ASSETCATALOG_COMPILER_GLOBAL_ACCENT_COLOR_NAME = AccentColor;
				CODE_SIGN_STYLE = Manual;
				CURRENT_PROJECT_VERSION = 1;
				DEVELOPMENT_TEAM = "";
				GENERATE_INFOPLIST_FILE = YES;
				INFOPLIST_FILE = "spacex/Resources/Live-Info.plist";
				INFOPLIST_KEY_CFBundleDisplayName = "SpaceX - Live";
				INFOPLIST_KEY_UIApplicationSupportsIndirectInputEvents = YES;
				INFOPLIST_KEY_UILaunchStoryboardName = LaunchScreen.storyboard;
				INFOPLIST_KEY_UISupportedInterfaceOrientations = "UIInterfaceOrientationLandscapeLeft UIInterfaceOrientationLandscapeRight UIInterfaceOrientationPortrait";
				IPHONEOS_DEPLOYMENT_TARGET = 16.0;
				LD_RUNPATH_SEARCH_PATHS = (
					"$(inherited)",
					"@executable_path/Frameworks",
				);
				MARKETING_VERSION = 1.7;
				OTHER_SWIFT_FLAGS = "";
				PRODUCT_BUNDLE_IDENTIFIER = com.adamzikmund.spacex;
				PRODUCT_NAME = "$(TARGET_NAME)";
				PROVISIONING_PROFILE_SPECIFIER = "";
				SUPPORTED_PLATFORMS = "iphoneos iphonesimulator";
				SUPPORTS_MACCATALYST = NO;
				SUPPORTS_MAC_DESIGNED_FOR_IPHONE_IPAD = NO;
				SWIFT_ACTIVE_COMPILATION_CONDITIONS = LIVE;
				SWIFT_EMIT_LOC_STRINGS = YES;
				SWIFT_VERSION = 5.0;
				TARGETED_DEVICE_FAMILY = 1;
			};
			name = Release;
		};
		BC6896C22A27427700C16E52 /* Debug */ = {
			isa = XCBuildConfiguration;
			buildSettings = {
				ALWAYS_SEARCH_USER_PATHS = NO;
				CLANG_ANALYZER_LOCALIZABILITY_NONLOCALIZED = YES;
				CLANG_ANALYZER_NONNULL = YES;
				CLANG_ANALYZER_NUMBER_OBJECT_CONVERSION = YES_AGGRESSIVE;
				CLANG_CXX_LANGUAGE_STANDARD = "gnu++20";
				CLANG_ENABLE_MODULES = YES;
				CLANG_ENABLE_OBJC_ARC = YES;
				CLANG_ENABLE_OBJC_WEAK = YES;
				CLANG_WARN_BLOCK_CAPTURE_AUTORELEASING = YES;
				CLANG_WARN_BOOL_CONVERSION = YES;
				CLANG_WARN_COMMA = YES;
				CLANG_WARN_CONSTANT_CONVERSION = YES;
				CLANG_WARN_DEPRECATED_OBJC_IMPLEMENTATIONS = YES;
				CLANG_WARN_DIRECT_OBJC_ISA_USAGE = YES_ERROR;
				CLANG_WARN_DOCUMENTATION_COMMENTS = YES;
				CLANG_WARN_EMPTY_BODY = YES;
				CLANG_WARN_ENUM_CONVERSION = YES;
				CLANG_WARN_INFINITE_RECURSION = YES;
				CLANG_WARN_INT_CONVERSION = YES;
				CLANG_WARN_NON_LITERAL_NULL_CONVERSION = YES;
				CLANG_WARN_OBJC_IMPLICIT_RETAIN_SELF = YES;
				CLANG_WARN_OBJC_LITERAL_CONVERSION = YES;
				CLANG_WARN_OBJC_ROOT_CLASS = YES_ERROR;
				CLANG_WARN_QUOTED_INCLUDE_IN_FRAMEWORK_HEADER = YES;
				CLANG_WARN_RANGE_LOOP_ANALYSIS = YES;
				CLANG_WARN_STRICT_PROTOTYPES = YES;
				CLANG_WARN_SUSPICIOUS_MOVE = YES;
				CLANG_WARN_UNGUARDED_AVAILABILITY = YES_AGGRESSIVE;
				CLANG_WARN_UNREACHABLE_CODE = YES;
				CLANG_WARN__DUPLICATE_METHOD_MATCH = YES;
				COPY_PHASE_STRIP = NO;
				DEBUG_INFORMATION_FORMAT = dwarf;
				ENABLE_STRICT_OBJC_MSGSEND = YES;
				ENABLE_TESTABILITY = YES;
				GCC_C_LANGUAGE_STANDARD = gnu11;
				GCC_DYNAMIC_NO_PIC = NO;
				GCC_NO_COMMON_BLOCKS = YES;
				GCC_OPTIMIZATION_LEVEL = 0;
				GCC_PREPROCESSOR_DEFINITIONS = (
					"DEBUG=1",
					"$(inherited)",
				);
				GCC_WARN_64_TO_32_BIT_CONVERSION = YES;
				GCC_WARN_ABOUT_RETURN_TYPE = YES_ERROR;
				GCC_WARN_UNDECLARED_SELECTOR = YES;
				GCC_WARN_UNINITIALIZED_AUTOS = YES_AGGRESSIVE;
				GCC_WARN_UNUSED_FUNCTION = YES;
				GCC_WARN_UNUSED_VARIABLE = YES;
				IPHONEOS_DEPLOYMENT_TARGET = 16.0;
				MTL_ENABLE_DEBUG_INFO = INCLUDE_SOURCE;
				MTL_FAST_MATH = YES;
				ONLY_ACTIVE_ARCH = YES;
				SDKROOT = iphoneos;
				SWIFT_ACTIVE_COMPILATION_CONDITIONS = DEBUG;
				SWIFT_OPTIMIZATION_LEVEL = "-Onone";
			};
			name = Debug;
		};
		BC6896C32A27427700C16E52 /* Release */ = {
			isa = XCBuildConfiguration;
			buildSettings = {
				ALWAYS_SEARCH_USER_PATHS = NO;
				CLANG_ANALYZER_LOCALIZABILITY_NONLOCALIZED = YES;
				CLANG_ANALYZER_NONNULL = YES;
				CLANG_ANALYZER_NUMBER_OBJECT_CONVERSION = YES_AGGRESSIVE;
				CLANG_CXX_LANGUAGE_STANDARD = "gnu++20";
				CLANG_ENABLE_MODULES = YES;
				CLANG_ENABLE_OBJC_ARC = YES;
				CLANG_ENABLE_OBJC_WEAK = YES;
				CLANG_WARN_BLOCK_CAPTURE_AUTORELEASING = YES;
				CLANG_WARN_BOOL_CONVERSION = YES;
				CLANG_WARN_COMMA = YES;
				CLANG_WARN_CONSTANT_CONVERSION = YES;
				CLANG_WARN_DEPRECATED_OBJC_IMPLEMENTATIONS = YES;
				CLANG_WARN_DIRECT_OBJC_ISA_USAGE = YES_ERROR;
				CLANG_WARN_DOCUMENTATION_COMMENTS = YES;
				CLANG_WARN_EMPTY_BODY = YES;
				CLANG_WARN_ENUM_CONVERSION = YES;
				CLANG_WARN_INFINITE_RECURSION = YES;
				CLANG_WARN_INT_CONVERSION = YES;
				CLANG_WARN_NON_LITERAL_NULL_CONVERSION = YES;
				CLANG_WARN_OBJC_IMPLICIT_RETAIN_SELF = YES;
				CLANG_WARN_OBJC_LITERAL_CONVERSION = YES;
				CLANG_WARN_OBJC_ROOT_CLASS = YES_ERROR;
				CLANG_WARN_QUOTED_INCLUDE_IN_FRAMEWORK_HEADER = YES;
				CLANG_WARN_RANGE_LOOP_ANALYSIS = YES;
				CLANG_WARN_STRICT_PROTOTYPES = YES;
				CLANG_WARN_SUSPICIOUS_MOVE = YES;
				CLANG_WARN_UNGUARDED_AVAILABILITY = YES_AGGRESSIVE;
				CLANG_WARN_UNREACHABLE_CODE = YES;
				CLANG_WARN__DUPLICATE_METHOD_MATCH = YES;
				COPY_PHASE_STRIP = NO;
				DEBUG_INFORMATION_FORMAT = "dwarf-with-dsym";
				ENABLE_NS_ASSERTIONS = NO;
				ENABLE_STRICT_OBJC_MSGSEND = YES;
				GCC_C_LANGUAGE_STANDARD = gnu11;
				GCC_NO_COMMON_BLOCKS = YES;
				GCC_WARN_64_TO_32_BIT_CONVERSION = YES;
				GCC_WARN_ABOUT_RETURN_TYPE = YES_ERROR;
				GCC_WARN_UNDECLARED_SELECTOR = YES;
				GCC_WARN_UNINITIALIZED_AUTOS = YES_AGGRESSIVE;
				GCC_WARN_UNUSED_FUNCTION = YES;
				GCC_WARN_UNUSED_VARIABLE = YES;
				IPHONEOS_DEPLOYMENT_TARGET = 16.0;
				MTL_ENABLE_DEBUG_INFO = NO;
				MTL_FAST_MATH = YES;
				SDKROOT = iphoneos;
				SWIFT_COMPILATION_MODE = wholemodule;
				SWIFT_OPTIMIZATION_LEVEL = "-O";
				VALIDATE_PRODUCT = YES;
			};
			name = Release;
		};
		BC6896C52A27427700C16E52 /* Debug */ = {
			isa = XCBuildConfiguration;
			buildSettings = {
				ASSETCATALOG_COMPILER_APPICON_NAME = AppIcon;
				ASSETCATALOG_COMPILER_GLOBAL_ACCENT_COLOR_NAME = AccentColor;
				CODE_SIGN_STYLE = Manual;
				CURRENT_PROJECT_VERSION = 1;
				DEVELOPMENT_TEAM = "";
				GENERATE_INFOPLIST_FILE = YES;
				INFOPLIST_FILE = "spacex/Resources/Mock-Info.plist";
				INFOPLIST_KEY_CFBundleDisplayName = "SpaceX - Mock";
				INFOPLIST_KEY_UIApplicationSupportsIndirectInputEvents = YES;
				INFOPLIST_KEY_UILaunchStoryboardName = LaunchScreen.storyboard;
				INFOPLIST_KEY_UISupportedInterfaceOrientations = "UIInterfaceOrientationLandscapeLeft UIInterfaceOrientationLandscapeRight UIInterfaceOrientationPortrait";
				IPHONEOS_DEPLOYMENT_TARGET = 16.0;
				LD_RUNPATH_SEARCH_PATHS = (
					"$(inherited)",
					"@executable_path/Frameworks",
				);
				MARKETING_VERSION = 1.7;
				OTHER_SWIFT_FLAGS = "";
				PRODUCT_BUNDLE_IDENTIFIER = com.adamzikmund.spacex;
				PRODUCT_NAME = "$(TARGET_NAME)";
				PROVISIONING_PROFILE_SPECIFIER = "";
				SUPPORTED_PLATFORMS = "iphoneos iphonesimulator";
				SUPPORTS_MACCATALYST = NO;
				SUPPORTS_MAC_DESIGNED_FOR_IPHONE_IPAD = NO;
				"SWIFT_ACTIVE_COMPILATION_CONDITIONS[arch=*]" = "DEBUG MOCK";
				SWIFT_EMIT_LOC_STRINGS = YES;
				SWIFT_VERSION = 5.0;
				TARGETED_DEVICE_FAMILY = 1;
			};
			name = Debug;
		};
		BC6896C62A27427700C16E52 /* Release */ = {
			isa = XCBuildConfiguration;
			buildSettings = {
				ASSETCATALOG_COMPILER_APPICON_NAME = AppIcon;
				ASSETCATALOG_COMPILER_GLOBAL_ACCENT_COLOR_NAME = AccentColor;
				CODE_SIGN_STYLE = Manual;
				CURRENT_PROJECT_VERSION = 1;
				DEVELOPMENT_TEAM = "";
				GENERATE_INFOPLIST_FILE = YES;
				INFOPLIST_FILE = "spacex/Resources/Mock-Info.plist";
				INFOPLIST_KEY_CFBundleDisplayName = "SpaceX - Mock";
				INFOPLIST_KEY_UIApplicationSupportsIndirectInputEvents = YES;
				INFOPLIST_KEY_UILaunchStoryboardName = LaunchScreen.storyboard;
				INFOPLIST_KEY_UISupportedInterfaceOrientations = "UIInterfaceOrientationLandscapeLeft UIInterfaceOrientationLandscapeRight UIInterfaceOrientationPortrait";
				IPHONEOS_DEPLOYMENT_TARGET = 16.0;
				LD_RUNPATH_SEARCH_PATHS = (
					"$(inherited)",
					"@executable_path/Frameworks",
				);
				MARKETING_VERSION = 1.7;
				OTHER_SWIFT_FLAGS = "";
				PRODUCT_BUNDLE_IDENTIFIER = com.adamzikmund.spacex;
				PRODUCT_NAME = "$(TARGET_NAME)";
				PROVISIONING_PROFILE_SPECIFIER = "";
				SUPPORTED_PLATFORMS = "iphoneos iphonesimulator";
				SUPPORTS_MACCATALYST = NO;
				SUPPORTS_MAC_DESIGNED_FOR_IPHONE_IPAD = NO;
				SWIFT_ACTIVE_COMPILATION_CONDITIONS = MOCK;
				SWIFT_EMIT_LOC_STRINGS = YES;
				SWIFT_VERSION = 5.0;
				TARGETED_DEVICE_FAMILY = 1;
			};
			name = Release;
		};
		BCB7878D2A29194300A4C747 /* Debug */ = {
			isa = XCBuildConfiguration;
			buildSettings = {
				CODE_SIGN_STYLE = Automatic;
				CURRENT_PROJECT_VERSION = 1;
				GENERATE_INFOPLIST_FILE = YES;
				IPHONEOS_DEPLOYMENT_TARGET = 16.0;
				MARKETING_VERSION = 1.0;
				PRODUCT_BUNDLE_IDENTIFIER = com.adamzikmund.UITests;
				PRODUCT_NAME = "$(TARGET_NAME)";
				SUPPORTED_PLATFORMS = "iphoneos iphonesimulator";
				SUPPORTS_MACCATALYST = NO;
				SUPPORTS_MAC_DESIGNED_FOR_IPHONE_IPAD = NO;
				SWIFT_EMIT_LOC_STRINGS = NO;
				SWIFT_VERSION = 5.0;
				TARGETED_DEVICE_FAMILY = 1;
				TEST_TARGET_NAME = mock;
			};
			name = Debug;
		};
		BCB7878E2A29194300A4C747 /* Release */ = {
			isa = XCBuildConfiguration;
			buildSettings = {
				CODE_SIGN_STYLE = Automatic;
				CURRENT_PROJECT_VERSION = 1;
				GENERATE_INFOPLIST_FILE = YES;
				IPHONEOS_DEPLOYMENT_TARGET = 16.0;
				MARKETING_VERSION = 1.0;
				PRODUCT_BUNDLE_IDENTIFIER = com.adamzikmund.UITests;
				PRODUCT_NAME = "$(TARGET_NAME)";
				SUPPORTED_PLATFORMS = "iphoneos iphonesimulator";
				SUPPORTS_MACCATALYST = NO;
				SUPPORTS_MAC_DESIGNED_FOR_IPHONE_IPAD = NO;
				SWIFT_EMIT_LOC_STRINGS = NO;
				SWIFT_VERSION = 5.0;
				TARGETED_DEVICE_FAMILY = 1;
				TEST_TARGET_NAME = mock;
			};
			name = Release;
		};
		BCE6D7C82A2901B900399595 /* Debug */ = {
			isa = XCBuildConfiguration;
			buildSettings = {
				BUNDLE_LOADER = "$(TEST_HOST)";
				CODE_SIGN_STYLE = Automatic;
				CURRENT_PROJECT_VERSION = 1;
				GENERATE_INFOPLIST_FILE = YES;
				IPHONEOS_DEPLOYMENT_TARGET = 16.0;
				MARKETING_VERSION = 1.0;
				PRODUCT_BUNDLE_IDENTIFIER = com.adamzikmund.tests;
				PRODUCT_NAME = "$(TARGET_NAME)";
				SUPPORTED_PLATFORMS = "iphoneos iphonesimulator";
				SUPPORTS_MACCATALYST = NO;
				SUPPORTS_MAC_DESIGNED_FOR_IPHONE_IPAD = NO;
				SWIFT_EMIT_LOC_STRINGS = NO;
				SWIFT_VERSION = 5.0;
				TARGETED_DEVICE_FAMILY = 1;
				TEST_HOST = "$(BUILT_PRODUCTS_DIR)/mock.app/$(BUNDLE_EXECUTABLE_FOLDER_PATH)/mock";
			};
			name = Debug;
		};
		BCE6D7C92A2901B900399595 /* Release */ = {
			isa = XCBuildConfiguration;
			buildSettings = {
				BUNDLE_LOADER = "$(TEST_HOST)";
				CODE_SIGN_STYLE = Automatic;
				CURRENT_PROJECT_VERSION = 1;
				GENERATE_INFOPLIST_FILE = YES;
				IPHONEOS_DEPLOYMENT_TARGET = 16.0;
				MARKETING_VERSION = 1.0;
				PRODUCT_BUNDLE_IDENTIFIER = com.adamzikmund.tests;
				PRODUCT_NAME = "$(TARGET_NAME)";
				SUPPORTED_PLATFORMS = "iphoneos iphonesimulator";
				SUPPORTS_MACCATALYST = NO;
				SUPPORTS_MAC_DESIGNED_FOR_IPHONE_IPAD = NO;
				SWIFT_EMIT_LOC_STRINGS = NO;
				SWIFT_VERSION = 5.0;
				TARGETED_DEVICE_FAMILY = 1;
				TEST_HOST = "$(BUILT_PRODUCTS_DIR)/mock.app/$(BUNDLE_EXECUTABLE_FOLDER_PATH)/mock";
			};
			name = Release;
		};
/* End XCBuildConfiguration section */

/* Begin XCConfigurationList section */
		BC19D0B32A28E6310073199B /* Build configuration list for PBXNativeTarget "live" */ = {
			isa = XCConfigurationList;
			buildConfigurations = (
				BC19D0B42A28E6310073199B /* Debug */,
				BC19D0B52A28E6310073199B /* Release */,
			);
			defaultConfigurationIsVisible = 0;
			defaultConfigurationName = Release;
		};
		BC6896AB2A27427600C16E52 /* Build configuration list for PBXProject "spacex" */ = {
			isa = XCConfigurationList;
			buildConfigurations = (
				BC6896C22A27427700C16E52 /* Debug */,
				BC6896C32A27427700C16E52 /* Release */,
			);
			defaultConfigurationIsVisible = 0;
			defaultConfigurationName = Release;
		};
		BC6896C42A27427700C16E52 /* Build configuration list for PBXNativeTarget "mock" */ = {
			isa = XCConfigurationList;
			buildConfigurations = (
				BC6896C52A27427700C16E52 /* Debug */,
				BC6896C62A27427700C16E52 /* Release */,
			);
			defaultConfigurationIsVisible = 0;
			defaultConfigurationName = Release;
		};
		BCB7878C2A29194300A4C747 /* Build configuration list for PBXNativeTarget "UITests" */ = {
			isa = XCConfigurationList;
			buildConfigurations = (
				BCB7878D2A29194300A4C747 /* Debug */,
				BCB7878E2A29194300A4C747 /* Release */,
			);
			defaultConfigurationIsVisible = 0;
			defaultConfigurationName = Release;
		};
		BCE6D7C72A2901B900399595 /* Build configuration list for PBXNativeTarget "Tests" */ = {
			isa = XCConfigurationList;
			buildConfigurations = (
				BCE6D7C82A2901B900399595 /* Debug */,
				BCE6D7C92A2901B900399595 /* Release */,
			);
			defaultConfigurationIsVisible = 0;
			defaultConfigurationName = Release;
		};
/* End XCConfigurationList section */

/* Begin XCRemoteSwiftPackageReference section */
		BC6896D32A27489600C16E52 /* XCRemoteSwiftPackageReference "SwiftLint" */ = {
			isa = XCRemoteSwiftPackageReference;
			repositoryURL = "https://github.com/realm/SwiftLint.git";
			requirement = {
				kind = exactVersion;
				version = 0.52.2;
			};
		};
/* End XCRemoteSwiftPackageReference section */

/* Begin XCSwiftPackageProductDependency section */
		BC19D0842A28DCD70073199B /* Store */ = {
			isa = XCSwiftPackageProductDependency;
			productName = Store;
		};
		BC19D0872A28E47F0073199B /* DependencyInjection */ = {
			isa = XCSwiftPackageProductDependency;
			productName = DependencyInjection;
		};
		BC19D08B2A28E6310073199B /* Model */ = {
			isa = XCSwiftPackageProductDependency;
			productName = Model;
		};
		BC19D08C2A28E6310073199B /* Networking */ = {
			isa = XCSwiftPackageProductDependency;
			productName = Networking;
		};
		BC19D08D2A28E6310073199B /* Repository */ = {
			isa = XCSwiftPackageProductDependency;
			productName = Repository;
		};
		BC19D08E2A28E6310073199B /* Store */ = {
			isa = XCSwiftPackageProductDependency;
			productName = Store;
		};
		BC19D08F2A28E6310073199B /* DependencyInjection */ = {
			isa = XCSwiftPackageProductDependency;
			productName = DependencyInjection;
		};
		BC42DBEC2A310A3B00634B00 /* Log */ = {
			isa = XCSwiftPackageProductDependency;
			productName = Log;
		};
		BC42DBEE2A310A4100634B00 /* Log */ = {
			isa = XCSwiftPackageProductDependency;
			productName = Log;
		};
		BC6896DD2A274B0400C16E52 /* SwiftLintPlugin */ = {
			isa = XCSwiftPackageProductDependency;
			package = BC6896D32A27489600C16E52 /* XCRemoteSwiftPackageReference "SwiftLint" */;
			productName = "plugin:SwiftLintPlugin";
		};
		BC6896E02A2757D000C16E52 /* Model */ = {
			isa = XCSwiftPackageProductDependency;
			productName = Model;
		};
		BC6896E32A278E6E00C16E52 /* Networking */ = {
			isa = XCSwiftPackageProductDependency;
			productName = Networking;
		};
		BC6896E62A27982600C16E52 /* Repository */ = {
			isa = XCSwiftPackageProductDependency;
			productName = Repository;
		};
		BC7CC9E72A29E1950015E9F5 /* ViewComponent */ = {
			isa = XCSwiftPackageProductDependency;
			productName = ViewComponent;
		};
		BC7CC9E92A29E19D0015E9F5 /* ViewComponent */ = {
			isa = XCSwiftPackageProductDependency;
			productName = ViewComponent;
		};
/* End XCSwiftPackageProductDependency section */
	};
	rootObject = BC6896A82A27427600C16E52 /* Project object */;
}
