// !$*UTF8*$!
{
	archiveVersion = 1;
	classes = {
	};
	objectVersion = 56;
	objects = {

/* Begin PBXBuildFile section */
		BC6896B42A27427600C16E52 /* AppDelegate.swift in Sources */ = {isa = PBXBuildFile; fileRef = BC6896B32A27427600C16E52 /* AppDelegate.swift */; };
		BC6896BD2A27427700C16E52 /* Assets.xcassets in Resources */ = {isa = PBXBuildFile; fileRef = BC6896BC2A27427700C16E52 /* Assets.xcassets */; };
		BC6896C02A27427700C16E52 /* LaunchScreen.storyboard in Resources */ = {isa = PBXBuildFile; fileRef = BC6896BE2A27427700C16E52 /* LaunchScreen.storyboard */; };
		BC6896D02A27480000C16E52 /* Swinject in Frameworks */ = {isa = PBXBuildFile; productRef = BC6896CF2A27480000C16E52 /* Swinject */; };
		BC6896E12A2757D000C16E52 /* Model in Frameworks */ = {isa = PBXBuildFile; productRef = BC6896E02A2757D000C16E52 /* Model */; };
/* End PBXBuildFile section */

/* Begin PBXFileReference section */
		BC6896B02A27427600C16E52 /* spacex.app */ = {isa = PBXFileReference; explicitFileType = wrapper.application; includeInIndex = 0; path = spacex.app; sourceTree = BUILT_PRODUCTS_DIR; };
		BC6896B32A27427600C16E52 /* AppDelegate.swift */ = {isa = PBXFileReference; lastKnownFileType = sourcecode.swift; path = AppDelegate.swift; sourceTree = "<group>"; };
		BC6896BC2A27427700C16E52 /* Assets.xcassets */ = {isa = PBXFileReference; lastKnownFileType = folder.assetcatalog; path = Assets.xcassets; sourceTree = "<group>"; };
		BC6896BF2A27427700C16E52 /* Base */ = {isa = PBXFileReference; lastKnownFileType = file.storyboard; name = Base; path = Base.lproj/LaunchScreen.storyboard; sourceTree = "<group>"; };
		BC6896C12A27427700C16E52 /* Info.plist */ = {isa = PBXFileReference; lastKnownFileType = text.plist.xml; path = Info.plist; sourceTree = "<group>"; };
		BC6896DF2A2757C400C16E52 /* Model */ = {isa = PBXFileReference; lastKnownFileType = wrapper; name = Model; path = spacex/Model; sourceTree = "<group>"; };
/* End PBXFileReference section */

/* Begin PBXFrameworksBuildPhase section */
		BC6896AD2A27427600C16E52 /* Frameworks */ = {
			isa = PBXFrameworksBuildPhase;
			buildActionMask = 2147483647;
			files = (
				BC6896E12A2757D000C16E52 /* Model in Frameworks */,
				BC6896D02A27480000C16E52 /* Swinject in Frameworks */,
			);
			runOnlyForDeploymentPostprocessing = 0;
		};
/* End PBXFrameworksBuildPhase section */

/* Begin PBXGroup section */
		BC6896A72A27427600C16E52 = {
			isa = PBXGroup;
			children = (
				BC6896DF2A2757C400C16E52 /* Model */,
				BC6896B22A27427600C16E52 /* spacex */,
				BC6896B12A27427600C16E52 /* Products */,
				BC6896D82A2749E500C16E52 /* Frameworks */,
			);
			sourceTree = "<group>";
		};
		BC6896B12A27427600C16E52 /* Products */ = {
			isa = PBXGroup;
			children = (
				BC6896B02A27427600C16E52 /* spacex.app */,
			);
			name = Products;
			sourceTree = "<group>";
		};
		BC6896B22A27427600C16E52 /* spacex */ = {
			isa = PBXGroup;
			children = (
				BC6896CD2A27450700C16E52 /* Resources */,
				BC6896B32A27427600C16E52 /* AppDelegate.swift */,
				BC6896C12A27427700C16E52 /* Info.plist */,
			);
			path = spacex;
			sourceTree = "<group>";
		};
		BC6896CD2A27450700C16E52 /* Resources */ = {
			isa = PBXGroup;
			children = (
				BC6896BE2A27427700C16E52 /* LaunchScreen.storyboard */,
				BC6896BC2A27427700C16E52 /* Assets.xcassets */,
			);
			path = Resources;
			sourceTree = "<group>";
		};
		BC6896D82A2749E500C16E52 /* Frameworks */ = {
			isa = PBXGroup;
			children = (
			);
			name = Frameworks;
			sourceTree = "<group>";
		};
/* End PBXGroup section */

/* Begin PBXNativeTarget section */
		BC6896AF2A27427600C16E52 /* spacex */ = {
			isa = PBXNativeTarget;
			buildConfigurationList = BC6896C42A27427700C16E52 /* Build configuration list for PBXNativeTarget "spacex" */;
			buildPhases = (
				BC6896AC2A27427600C16E52 /* Sources */,
				BC6896AD2A27427600C16E52 /* Frameworks */,
				BC6896AE2A27427600C16E52 /* Resources */,
			);
			buildRules = (
			);
			dependencies = (
				BC6896DE2A274B0400C16E52 /* PBXTargetDependency */,
			);
			name = spacex;
			packageProductDependencies = (
				BC6896CF2A27480000C16E52 /* Swinject */,
				BC6896E02A2757D000C16E52 /* Model */,
			);
			productName = spacex;
			productReference = BC6896B02A27427600C16E52 /* spacex.app */;
			productType = "com.apple.product-type.application";
		};
/* End PBXNativeTarget section */

/* Begin PBXProject section */
		BC6896A82A27427600C16E52 /* Project object */ = {
			isa = PBXProject;
			attributes = {
				BuildIndependentTargetsInParallel = 1;
				LastSwiftUpdateCheck = 1430;
				LastUpgradeCheck = 1430;
				TargetAttributes = {
					BC6896AF2A27427600C16E52 = {
						CreatedOnToolsVersion = 14.3;
					};
				};
			};
			buildConfigurationList = BC6896AB2A27427600C16E52 /* Build configuration list for PBXProject "spacex" */;
			compatibilityVersion = "Xcode 14.0";
			developmentRegion = en;
			hasScannedForEncodings = 0;
			knownRegions = (
				en,
				Base,
			);
			mainGroup = BC6896A72A27427600C16E52;
			packageReferences = (
				BC6896CE2A27480000C16E52 /* XCRemoteSwiftPackageReference "Swinject" */,
				BC6896D32A27489600C16E52 /* XCRemoteSwiftPackageReference "SwiftLint" */,
			);
			productRefGroup = BC6896B12A27427600C16E52 /* Products */;
			projectDirPath = "";
			projectRoot = "";
			targets = (
				BC6896AF2A27427600C16E52 /* spacex */,
			);
		};
/* End PBXProject section */

/* Begin PBXResourcesBuildPhase section */
		BC6896AE2A27427600C16E52 /* Resources */ = {
			isa = PBXResourcesBuildPhase;
			buildActionMask = 2147483647;
			files = (
				BC6896C02A27427700C16E52 /* LaunchScreen.storyboard in Resources */,
				BC6896BD2A27427700C16E52 /* Assets.xcassets in Resources */,
			);
			runOnlyForDeploymentPostprocessing = 0;
		};
/* End PBXResourcesBuildPhase section */

/* Begin PBXSourcesBuildPhase section */
		BC6896AC2A27427600C16E52 /* Sources */ = {
			isa = PBXSourcesBuildPhase;
			buildActionMask = 2147483647;
			files = (
				BC6896B42A27427600C16E52 /* AppDelegate.swift in Sources */,
			);
			runOnlyForDeploymentPostprocessing = 0;
		};
/* End PBXSourcesBuildPhase section */

/* Begin PBXTargetDependency section */
		BC6896DE2A274B0400C16E52 /* PBXTargetDependency */ = {
			isa = PBXTargetDependency;
			productRef = BC6896DD2A274B0400C16E52 /* SwiftLintPlugin */;
		};
/* End PBXTargetDependency section */

/* Begin PBXVariantGroup section */
		BC6896BE2A27427700C16E52 /* LaunchScreen.storyboard */ = {
			isa = PBXVariantGroup;
			children = (
				BC6896BF2A27427700C16E52 /* Base */,
			);
			name = LaunchScreen.storyboard;
			sourceTree = "<group>";
		};
/* End PBXVariantGroup section */

/* Begin XCBuildConfiguration section */
		BC6896C22A27427700C16E52 /* Debug */ = {
			isa = XCBuildConfiguration;
			buildSettings = {
				ALWAYS_SEARCH_USER_PATHS = NO;
				CLANG_ANALYZER_NONNULL = YES;
				CLANG_ANALYZER_NUMBER_OBJECT_CONVERSION = YES_AGGRESSIVE;
				CLANG_CXX_LANGUAGE_STANDARD = "gnu++20";
				CLANG_ENABLE_MODULES = YES;
				CLANG_ENABLE_OBJC_ARC = YES;
				CLANG_ENABLE_OBJC_WEAK = YES;
				CLANG_WARN_BLOCK_CAPTURE_AUTORELEASING = YES;
				CLANG_WARN_BOOL_CONVERSION = YES;
				CLANG_WARN_COMMA = YES;
				CLANG_WARN_CONSTANT_CONVERSION = YES;
				CLANG_WARN_DEPRECATED_OBJC_IMPLEMENTATIONS = YES;
				CLANG_WARN_DIRECT_OBJC_ISA_USAGE = YES_ERROR;
				CLANG_WARN_DOCUMENTATION_COMMENTS = YES;
				CLANG_WARN_EMPTY_BODY = YES;
				CLANG_WARN_ENUM_CONVERSION = YES;
				CLANG_WARN_INFINITE_RECURSION = YES;
				CLANG_WARN_INT_CONVERSION = YES;
				CLANG_WARN_NON_LITERAL_NULL_CONVERSION = YES;
				CLANG_WARN_OBJC_IMPLICIT_RETAIN_SELF = YES;
				CLANG_WARN_OBJC_LITERAL_CONVERSION = YES;
				CLANG_WARN_OBJC_ROOT_CLASS = YES_ERROR;
				CLANG_WARN_QUOTED_INCLUDE_IN_FRAMEWORK_HEADER = YES;
				CLANG_WARN_RANGE_LOOP_ANALYSIS = YES;
				CLANG_WARN_STRICT_PROTOTYPES = YES;
				CLANG_WARN_SUSPICIOUS_MOVE = YES;
				CLANG_WARN_UNGUARDED_AVAILABILITY = YES_AGGRESSIVE;
				CLANG_WARN_UNREACHABLE_CODE = YES;
				CLANG_WARN__DUPLICATE_METHOD_MATCH = YES;
				COPY_PHASE_STRIP = NO;
				DEBUG_INFORMATION_FORMAT = dwarf;
				ENABLE_STRICT_OBJC_MSGSEND = YES;
				ENABLE_TESTABILITY = YES;
				GCC_C_LANGUAGE_STANDARD = gnu11;
				GCC_DYNAMIC_NO_PIC = NO;
				GCC_NO_COMMON_BLOCKS = YES;
				GCC_OPTIMIZATION_LEVEL = 0;
				GCC_PREPROCESSOR_DEFINITIONS = (
					"DEBUG=1",
					"$(inherited)",
				);
				GCC_WARN_64_TO_32_BIT_CONVERSION = YES;
				GCC_WARN_ABOUT_RETURN_TYPE = YES_ERROR;
				GCC_WARN_UNDECLARED_SELECTOR = YES;
				GCC_WARN_UNINITIALIZED_AUTOS = YES_AGGRESSIVE;
				GCC_WARN_UNUSED_FUNCTION = YES;
				GCC_WARN_UNUSED_VARIABLE = YES;
				IPHONEOS_DEPLOYMENT_TARGET = 16.0;
				MTL_ENABLE_DEBUG_INFO = INCLUDE_SOURCE;
				MTL_FAST_MATH = YES;
				ONLY_ACTIVE_ARCH = YES;
				SDKROOT = iphoneos;
				SWIFT_ACTIVE_COMPILATION_CONDITIONS = DEBUG;
				SWIFT_OPTIMIZATION_LEVEL = "-Onone";
			};
			name = Debug;
		};
		BC6896C32A27427700C16E52 /* Release */ = {
			isa = XCBuildConfiguration;
			buildSettings = {
				ALWAYS_SEARCH_USER_PATHS = NO;
				CLANG_ANALYZER_NONNULL = YES;
				CLANG_ANALYZER_NUMBER_OBJECT_CONVERSION = YES_AGGRESSIVE;
				CLANG_CXX_LANGUAGE_STANDARD = "gnu++20";
				CLANG_ENABLE_MODULES = YES;
				CLANG_ENABLE_OBJC_ARC = YES;
				CLANG_ENABLE_OBJC_WEAK = YES;
				CLANG_WARN_BLOCK_CAPTURE_AUTORELEASING = YES;
				CLANG_WARN_BOOL_CONVERSION = YES;
				CLANG_WARN_COMMA = YES;
				CLANG_WARN_CONSTANT_CONVERSION = YES;
				CLANG_WARN_DEPRECATED_OBJC_IMPLEMENTATIONS = YES;
				CLANG_WARN_DIRECT_OBJC_ISA_USAGE = YES_ERROR;
				CLANG_WARN_DOCUMENTATION_COMMENTS = YES;
				CLANG_WARN_EMPTY_BODY = YES;
				CLANG_WARN_ENUM_CONVERSION = YES;
				CLANG_WARN_INFINITE_RECURSION = YES;
				CLANG_WARN_INT_CONVERSION = YES;
				CLANG_WARN_NON_LITERAL_NULL_CONVERSION = YES;
				CLANG_WARN_OBJC_IMPLICIT_RETAIN_SELF = YES;
				CLANG_WARN_OBJC_LITERAL_CONVERSION = YES;
				CLANG_WARN_OBJC_ROOT_CLASS = YES_ERROR;
				CLANG_WARN_QUOTED_INCLUDE_IN_FRAMEWORK_HEADER = YES;
				CLANG_WARN_RANGE_LOOP_ANALYSIS = YES;
				CLANG_WARN_STRICT_PROTOTYPES = YES;
				CLANG_WARN_SUSPICIOUS_MOVE = YES;
				CLANG_WARN_UNGUARDED_AVAILABILITY = YES_AGGRESSIVE;
				CLANG_WARN_UNREACHABLE_CODE = YES;
				CLANG_WARN__DUPLICATE_METHOD_MATCH = YES;
				COPY_PHASE_STRIP = NO;
				DEBUG_INFORMATION_FORMAT = "dwarf-with-dsym";
				ENABLE_NS_ASSERTIONS = NO;
				ENABLE_STRICT_OBJC_MSGSEND = YES;
				GCC_C_LANGUAGE_STANDARD = gnu11;
				GCC_NO_COMMON_BLOCKS = YES;
				GCC_WARN_64_TO_32_BIT_CONVERSION = YES;
				GCC_WARN_ABOUT_RETURN_TYPE = YES_ERROR;
				GCC_WARN_UNDECLARED_SELECTOR = YES;
				GCC_WARN_UNINITIALIZED_AUTOS = YES_AGGRESSIVE;
				GCC_WARN_UNUSED_FUNCTION = YES;
				GCC_WARN_UNUSED_VARIABLE = YES;
				IPHONEOS_DEPLOYMENT_TARGET = 16.0;
				MTL_ENABLE_DEBUG_INFO = NO;
				MTL_FAST_MATH = YES;
				SDKROOT = iphoneos;
				SWIFT_COMPILATION_MODE = wholemodule;
				SWIFT_OPTIMIZATION_LEVEL = "-O";
				VALIDATE_PRODUCT = YES;
			};
			name = Release;
		};
		BC6896C52A27427700C16E52 /* Debug */ = {
			isa = XCBuildConfiguration;
			buildSettings = {
				ASSETCATALOG_COMPILER_APPICON_NAME = AppIcon;
				ASSETCATALOG_COMPILER_GLOBAL_ACCENT_COLOR_NAME = AccentColor;
				CODE_SIGN_STYLE = Manual;
				CURRENT_PROJECT_VERSION = 1;
				DEVELOPMENT_TEAM = "";
				GENERATE_INFOPLIST_FILE = YES;
				INFOPLIST_FILE = spacex/Info.plist;
				INFOPLIST_KEY_CFBundleDisplayName = SpaceX;
				INFOPLIST_KEY_UIApplicationSupportsIndirectInputEvents = YES;
				INFOPLIST_KEY_UILaunchStoryboardName = LaunchScreen.storyboard;
				INFOPLIST_KEY_UISupportedInterfaceOrientations = "UIInterfaceOrientationLandscapeLeft UIInterfaceOrientationLandscapeRight UIInterfaceOrientationPortrait";
				IPHONEOS_DEPLOYMENT_TARGET = 16.0;
				LD_RUNPATH_SEARCH_PATHS = (
					"$(inherited)",
					"@executable_path/Frameworks",
				);
				MARKETING_VERSION = 1.0;
				PRODUCT_BUNDLE_IDENTIFIER = com.adamzikmund.spacex;
				PRODUCT_NAME = "$(TARGET_NAME)";
				PROVISIONING_PROFILE_SPECIFIER = "";
				SUPPORTED_PLATFORMS = "iphoneos iphonesimulator";
				SUPPORTS_MACCATALYST = NO;
				SUPPORTS_MAC_DESIGNED_FOR_IPHONE_IPAD = NO;
				SWIFT_EMIT_LOC_STRINGS = YES;
				SWIFT_VERSION = 5.0;
				TARGETED_DEVICE_FAMILY = 1;
			};
			name = Debug;
		};
		BC6896C62A27427700C16E52 /* Release */ = {
			isa = XCBuildConfiguration;
			buildSettings = {
				ASSETCATALOG_COMPILER_APPICON_NAME = AppIcon;
				ASSETCATALOG_COMPILER_GLOBAL_ACCENT_COLOR_NAME = AccentColor;
				CODE_SIGN_STYLE = Manual;
				CURRENT_PROJECT_VERSION = 1;
				DEVELOPMENT_TEAM = "";
				GENERATE_INFOPLIST_FILE = YES;
				INFOPLIST_FILE = spacex/Info.plist;
				INFOPLIST_KEY_CFBundleDisplayName = SpaceX;
				INFOPLIST_KEY_UIApplicationSupportsIndirectInputEvents = YES;
				INFOPLIST_KEY_UILaunchStoryboardName = LaunchScreen.storyboard;
				INFOPLIST_KEY_UISupportedInterfaceOrientations = "UIInterfaceOrientationLandscapeLeft UIInterfaceOrientationLandscapeRight UIInterfaceOrientationPortrait";
				IPHONEOS_DEPLOYMENT_TARGET = 16.0;
				LD_RUNPATH_SEARCH_PATHS = (
					"$(inherited)",
					"@executable_path/Frameworks",
				);
				MARKETING_VERSION = 1.0;
				PRODUCT_BUNDLE_IDENTIFIER = com.adamzikmund.spacex;
				PRODUCT_NAME = "$(TARGET_NAME)";
				PROVISIONING_PROFILE_SPECIFIER = "";
				SUPPORTED_PLATFORMS = "iphoneos iphonesimulator";
				SUPPORTS_MACCATALYST = NO;
				SUPPORTS_MAC_DESIGNED_FOR_IPHONE_IPAD = NO;
				SWIFT_EMIT_LOC_STRINGS = YES;
				SWIFT_VERSION = 5.0;
				TARGETED_DEVICE_FAMILY = 1;
			};
			name = Release;
		};
/* End XCBuildConfiguration section */

/* Begin XCConfigurationList section */
		BC6896AB2A27427600C16E52 /* Build configuration list for PBXProject "spacex" */ = {
			isa = XCConfigurationList;
			buildConfigurations = (
				BC6896C22A27427700C16E52 /* Debug */,
				BC6896C32A27427700C16E52 /* Release */,
			);
			defaultConfigurationIsVisible = 0;
			defaultConfigurationName = Release;
		};
		BC6896C42A27427700C16E52 /* Build configuration list for PBXNativeTarget "spacex" */ = {
			isa = XCConfigurationList;
			buildConfigurations = (
				BC6896C52A27427700C16E52 /* Debug */,
				BC6896C62A27427700C16E52 /* Release */,
			);
			defaultConfigurationIsVisible = 0;
			defaultConfigurationName = Release;
		};
/* End XCConfigurationList section */

/* Begin XCRemoteSwiftPackageReference section */
		BC6896CE2A27480000C16E52 /* XCRemoteSwiftPackageReference "Swinject" */ = {
			isa = XCRemoteSwiftPackageReference;
			repositoryURL = "https://github.com/Swinject/Swinject.git";
			requirement = {
				kind = exactVersion;
				version = 2.8.3;
			};
		};
		BC6896D32A27489600C16E52 /* XCRemoteSwiftPackageReference "SwiftLint" */ = {
			isa = XCRemoteSwiftPackageReference;
			repositoryURL = "https://github.com/realm/SwiftLint.git";
			requirement = {
				kind = exactVersion;
				version = 0.52.2;
			};
		};
/* End XCRemoteSwiftPackageReference section */

/* Begin XCSwiftPackageProductDependency section */
		BC6896CF2A27480000C16E52 /* Swinject */ = {
			isa = XCSwiftPackageProductDependency;
			package = BC6896CE2A27480000C16E52 /* XCRemoteSwiftPackageReference "Swinject" */;
			productName = Swinject;
		};
		BC6896DD2A274B0400C16E52 /* SwiftLintPlugin */ = {
			isa = XCSwiftPackageProductDependency;
			package = BC6896D32A27489600C16E52 /* XCRemoteSwiftPackageReference "SwiftLint" */;
			productName = "plugin:SwiftLintPlugin";
		};
		BC6896E02A2757D000C16E52 /* Model */ = {
			isa = XCSwiftPackageProductDependency;
			productName = Model;
		};
/* End XCSwiftPackageProductDependency section */
	};
	rootObject = BC6896A82A27427600C16E52 /* Project object */;
}
